// !$*UTF8*$!
{
	archiveVersion = 1;
	classes = {
	};
	objectVersion = 46;
	objects = {

/* Begin PBXBuildFile section */
		69CA96CDAF658886C2F33E9E /* Pods_InfinitySlotTests.framework in Frameworks */ = {isa = PBXBuildFile; fileRef = 6BC411956061E74EBC83A226 /* Pods_InfinitySlotTests.framework */; };
		7842FF3478B09D8285FB1CFD /* Pods_InfinitySlot.framework in Frameworks */ = {isa = PBXBuildFile; fileRef = A020BD5498A38195603D6667 /* Pods_InfinitySlot.framework */; };
		B53E30491B1AA17C00B7457E /* MyScene.m in Sources */ = {isa = PBXBuildFile; fileRef = B5E58D641AE1C459009385F0 /* MyScene.m */; };
		B53E304A1B1AA17C00B7457E /* MyADView.m in Sources */ = {isa = PBXBuildFile; fileRef = B57795181B01FCA000ABE278 /* MyADView.m */; };
		B53E304B1B1AA17C00B7457E /* MyUtils.m in Sources */ = {isa = PBXBuildFile; fileRef = B53E30391B193F7F00B7457E /* MyUtils.m */; };
		B53E304C1B1AA17C00B7457E /* ViewController.m in Sources */ = {isa = PBXBuildFile; fileRef = B5E58D611AE1C459009385F0 /* ViewController.m */; };
		B53E304D1B1AA17C00B7457E /* RuleUtil.m in Sources */ = {isa = PBXBuildFile; fileRef = B57795211B05939200ABE278 /* RuleUtil.m */; };
		B53E304E1B1AA17C00B7457E /* BuyViewController.m in Sources */ = {isa = PBXBuildFile; fileRef = B53E30451B19E7BD00B7457E /* BuyViewController.m */; };
		B53E304F1B1AA17C00B7457E /* Reachability.m in Sources */ = {isa = PBXBuildFile; fileRef = B57795271B05C6D500ABE278 /* Reachability.m */; };
		B53E30501B1AA17C00B7457E /* AppDelegate.m in Sources */ = {isa = PBXBuildFile; fileRef = B5E58D5B1AE1C459009385F0 /* AppDelegate.m */; };
		B53E30511B1AA17C00B7457E /* GameOverViewController.m in Sources */ = {isa = PBXBuildFile; fileRef = B592A7931AF6F3470014FC4C /* GameOverViewController.m */; };
		B53E30521B1AA17C00B7457E /* main.m in Sources */ = {isa = PBXBuildFile; fileRef = B5E58D571AE1C459009385F0 /* main.m */; };
		B53E30531B1AA17C00B7457E /* CommonUtil.m in Sources */ = {isa = PBXBuildFile; fileRef = B57795241B05BF1B00ABE278 /* CommonUtil.m */; };
		B53E30541B1AA17C00B7457E /* TextureHelper.m in Sources */ = {isa = PBXBuildFile; fileRef = B592A7961AF6F6090014FC4C /* TextureHelper.m */; };
		B53E30561B1AA17C00B7457E /* StoreKit.framework in Frameworks */ = {isa = PBXBuildFile; fileRef = B53E303F1B19C6EE00B7457E /* StoreKit.framework */; settings = {ATTRIBUTES = (Required, ); }; };
		B53E30571B1AA17C00B7457E /* CoreGraphics.framework in Frameworks */ = {isa = PBXBuildFile; fileRef = B5E58D4B1AE1C459009385F0 /* CoreGraphics.framework */; };
		B53E30581B1AA17C00B7457E /* UIKit.framework in Frameworks */ = {isa = PBXBuildFile; fileRef = B5E58D4D1AE1C459009385F0 /* UIKit.framework */; };
		B53E305A1B1AA17C00B7457E /* SpriteKit.framework in Frameworks */ = {isa = PBXBuildFile; fileRef = B5E58D4F1AE1C459009385F0 /* SpriteKit.framework */; };
		B53E305B1B1AA17C00B7457E /* Foundation.framework in Frameworks */ = {isa = PBXBuildFile; fileRef = B5E58D491AE1C459009385F0 /* Foundation.framework */; };
		B53E305D1B1AA17C00B7457E /* coin_50_btn02.png in Resources */ = {isa = PBXBuildFile; fileRef = B5E58DBB1AE1C556009385F0 /* coin_50_btn02.png */; };
		B53E305E1B1AA17C00B7457E /* m09.png in Resources */ = {isa = PBXBuildFile; fileRef = B5E58D941AE1C542009385F0 /* m09.png */; };
		B53E305F1B1AA17C00B7457E /* m05.png in Resources */ = {isa = PBXBuildFile; fileRef = B5E58D901AE1C542009385F0 /* m05.png */; };
		B53E30601B1AA17C00B7457E /* m12.png in Resources */ = {isa = PBXBuildFile; fileRef = B5E58D971AE1C542009385F0 /* m12.png */; };
		B53E30611B1AA17C00B7457E /* lol_laba2.jpg in Resources */ = {isa = PBXBuildFile; fileRef = B5E58DC11AE1C556009385F0 /* lol_laba2.jpg */; };
		B53E30621B1AA17C00B7457E /* m14.png in Resources */ = {isa = PBXBuildFile; fileRef = B5E58D991AE1C542009385F0 /* m14.png */; };
		B53E30631B1AA17C00B7457E /* m01.png in Resources */ = {isa = PBXBuildFile; fileRef = B5E58D8C1AE1C542009385F0 /* m01.png */; };
		B53E30651B1AA17C00B7457E /* laba_fg.png in Resources */ = {isa = PBXBuildFile; fileRef = B5E58DC01AE1C556009385F0 /* laba_fg.png */; };
		B53E30661B1AA17C00B7457E /* start_btn1.png in Resources */ = {isa = PBXBuildFile; fileRef = B5E58DC21AE1C556009385F0 /* start_btn1.png */; };
		B53E30671B1AA17C00B7457E /* m16.png in Resources */ = {isa = PBXBuildFile; fileRef = B5E58D9B1AE1C542009385F0 /* m16.png */; };
		B53E30681B1AA17C00B7457E /* text.png in Resources */ = {isa = PBXBuildFile; fileRef = B5E58DC61AE1C556009385F0 /* text.png */; };
		B53E30691B1AA17C00B7457E /* stop_btn2.png in Resources */ = {isa = PBXBuildFile; fileRef = B5E58DC51AE1C556009385F0 /* stop_btn2.png */; };
		B53E306A1B1AA17C00B7457E /* m08.png in Resources */ = {isa = PBXBuildFile; fileRef = B5E58D931AE1C542009385F0 /* m08.png */; };
		B53E306B1B1AA17C00B7457E /* InfoPlist.strings in Resources */ = {isa = PBXBuildFile; fileRef = B5E58D541AE1C459009385F0 /* InfoPlist.strings */; };
		B53E306C1B1AA17C00B7457E /* Images.xcassets in Resources */ = {isa = PBXBuildFile; fileRef = B5E58D681AE1C459009385F0 /* Images.xcassets */; };
		B53E306D1B1AA17C00B7457E /* m15.png in Resources */ = {isa = PBXBuildFile; fileRef = B5E58D9A1AE1C542009385F0 /* m15.png */; };
		B53E306E1B1AA17C00B7457E /* coin_50_btn01.png in Resources */ = {isa = PBXBuildFile; fileRef = B5E58DBA1AE1C556009385F0 /* coin_50_btn01.png */; };
		B53E306F1B1AA17C00B7457E /* coin_30_btn01.png in Resources */ = {isa = PBXBuildFile; fileRef = B5E58DB81AE1C556009385F0 /* coin_30_btn01.png */; };
		B53E30701B1AA17C00B7457E /* m18.png in Resources */ = {isa = PBXBuildFile; fileRef = B5E58D9D1AE1C542009385F0 /* m18.png */; };
		B53E30711B1AA17C00B7457E /* Spaceship.png in Resources */ = {isa = PBXBuildFile; fileRef = B5E58D661AE1C459009385F0 /* Spaceship.png */; };
		B53E30731B1AA17C00B7457E /* start_btn2.png in Resources */ = {isa = PBXBuildFile; fileRef = B5E58DC31AE1C556009385F0 /* start_btn2.png */; };
		B53E30741B1AA17C00B7457E /* gife_btn_02.png in Resources */ = {isa = PBXBuildFile; fileRef = B5E58DBD1AE1C556009385F0 /* gife_btn_02.png */; };
		B53E30751B1AA17C00B7457E /* m11.png in Resources */ = {isa = PBXBuildFile; fileRef = B5E58D961AE1C542009385F0 /* m11.png */; };
		B53E30761B1AA17C00B7457E /* m13.png in Resources */ = {isa = PBXBuildFile; fileRef = B5E58D981AE1C542009385F0 /* m13.png */; };
		B53E30771B1AA17C00B7457E /* m17.png in Resources */ = {isa = PBXBuildFile; fileRef = B5E58D9C1AE1C542009385F0 /* m17.png */; };
		B53E30781B1AA17C00B7457E /* m02.png in Resources */ = {isa = PBXBuildFile; fileRef = B5E58D8D1AE1C542009385F0 /* m02.png */; };
		B53E30791B1AA17C00B7457E /* laba_bg.jpg in Resources */ = {isa = PBXBuildFile; fileRef = B5E58DBF1AE1C556009385F0 /* laba_bg.jpg */; };
		B53E307A1B1AA17C00B7457E /* coin_10_btn02.png in Resources */ = {isa = PBXBuildFile; fileRef = B5E58DB71AE1C556009385F0 /* coin_10_btn02.png */; };
		B53E307B1B1AA17C00B7457E /* coin_30_btn02.png in Resources */ = {isa = PBXBuildFile; fileRef = B5E58DB91AE1C556009385F0 /* coin_30_btn02.png */; };
		B53E307C1B1AA17C00B7457E /* store1.png in Resources */ = {isa = PBXBuildFile; fileRef = B577951A1B058FB800ABE278 /* store1.png */; };
		B53E307D1B1AA17C00B7457E /* money.wav in Resources */ = {isa = PBXBuildFile; fileRef = B53E303D1B19438A00B7457E /* money.wav */; };
		B53E307E1B1AA17C00B7457E /* m06.png in Resources */ = {isa = PBXBuildFile; fileRef = B5E58D911AE1C542009385F0 /* m06.png */; };
		B53E307F1B1AA17C00B7457E /* Main.storyboard in Resources */ = {isa = PBXBuildFile; fileRef = B5E58D5D1AE1C459009385F0 /* Main.storyboard */; };
		B53E30801B1AA17C00B7457E /* m03.png in Resources */ = {isa = PBXBuildFile; fileRef = B5E58D8E1AE1C542009385F0 /* m03.png */; };
		B53E30811B1AA17C00B7457E /* m20.png in Resources */ = {isa = PBXBuildFile; fileRef = B5E58D9F1AE1C542009385F0 /* m20.png */; };
		B53E30821B1AA17C00B7457E /* m21.png in Resources */ = {isa = PBXBuildFile; fileRef = B5E58DA01AE1C542009385F0 /* m21.png */; };
		B53E30831B1AA17C00B7457E /* ic_launcher.png in Resources */ = {isa = PBXBuildFile; fileRef = B5E58DBE1AE1C556009385F0 /* ic_launcher.png */; };
		B53E30841B1AA17C00B7457E /* stop_btn1.png in Resources */ = {isa = PBXBuildFile; fileRef = B5E58DC41AE1C556009385F0 /* stop_btn1.png */; };
		B53E30851B1AA17C00B7457E /* money_in_bar.jpg in Resources */ = {isa = PBXBuildFile; fileRef = B577951E1B05905000ABE278 /* money_in_bar.jpg */; };
		B53E30861B1AA17C00B7457E /* win_frame.png in Resources */ = {isa = PBXBuildFile; fileRef = B5E58DC71AE1C556009385F0 /* win_frame.png */; };
		B53E30871B1AA17C00B7457E /* coin_10_btn01.png in Resources */ = {isa = PBXBuildFile; fileRef = B5E58DB61AE1C556009385F0 /* coin_10_btn01.png */; };
		B53E30881B1AA17C00B7457E /* gife_btn_01.png in Resources */ = {isa = PBXBuildFile; fileRef = B5E58DBC1AE1C556009385F0 /* gife_btn_01.png */; };
		B53E30891B1AA17C00B7457E /* m19.png in Resources */ = {isa = PBXBuildFile; fileRef = B5E58D9E1AE1C542009385F0 /* m19.png */; };
		B53E308A1B1AA17C00B7457E /* m10.png in Resources */ = {isa = PBXBuildFile; fileRef = B5E58D951AE1C542009385F0 /* m10.png */; };
		B53E308B1B1AA17C00B7457E /* store2.png in Resources */ = {isa = PBXBuildFile; fileRef = B577951B1B058FB800ABE278 /* store2.png */; };
		B53E308C1B1AA17C00B7457E /* laba.mp3 in Resources */ = {isa = PBXBuildFile; fileRef = B53E303B1B1941D300B7457E /* laba.mp3 */; };
		B53E308E1B1AA17C00B7457E /* m07.png in Resources */ = {isa = PBXBuildFile; fileRef = B5E58D921AE1C542009385F0 /* m07.png */; };
		B53E308F1B1AA17C00B7457E /* m04.png in Resources */ = {isa = PBXBuildFile; fileRef = B5E58D8F1AE1C542009385F0 /* m04.png */; };
		B55E95C71BC61971002E67EF /* unlimited_cat_world_ad.png in Resources */ = {isa = PBXBuildFile; fileRef = B55E95BA1BC61971002E67EF /* unlimited_cat_world_ad.png */; };
		B55E95C81BC61971002E67EF /* UnlimitedCatWorld_ad.png in Resources */ = {isa = PBXBuildFile; fileRef = B55E95BB1BC61971002E67EF /* UnlimitedCatWorld_ad.png */; };
		B55E95C91BC61971002E67EF /* ad1.jpg in Resources */ = {isa = PBXBuildFile; fileRef = B55E95BC1BC61971002E67EF /* ad1.jpg */; };
		B55E95CA1BC61971002E67EF /* ad2.jpg in Resources */ = {isa = PBXBuildFile; fileRef = B55E95BD1BC61971002E67EF /* ad2.jpg */; };
		B55E95CB1BC61971002E67EF /* ad3.jpg in Resources */ = {isa = PBXBuildFile; fileRef = B55E95BE1BC61971002E67EF /* ad3.jpg */; };
		B55E95CC1BC61971002E67EF /* 2048_ad.png in Resources */ = {isa = PBXBuildFile; fileRef = B55E95BF1BC61971002E67EF /* 2048_ad.png */; };
		B55E95CD1BC61971002E67EF /* Shoot_Learning_ad.png in Resources */ = {isa = PBXBuildFile; fileRef = B55E95C01BC61971002E67EF /* Shoot_Learning_ad.png */; };
		B55E95CE1BC61971002E67EF /* cute_dudge_ad.png in Resources */ = {isa = PBXBuildFile; fileRef = B55E95C11BC61971002E67EF /* cute_dudge_ad.png */; };
		B55E95CF1BC61971002E67EF /* cn_attack_on_gaint_cat_ad.jpg in Resources */ = {isa = PBXBuildFile; fileRef = B55E95C21BC61971002E67EF /* cn_attack_on_gaint_cat_ad.jpg */; };
		B55E95D01BC61971002E67EF /* en_attack_on_gaint_cat_ad.jpg in Resources */ = {isa = PBXBuildFile; fileRef = B55E95C31BC61971002E67EF /* en_attack_on_gaint_cat_ad.jpg */; };
		B55E95D11BC61971002E67EF /* jp_attack_on_gaint_cat_ad.jpg in Resources */ = {isa = PBXBuildFile; fileRef = B55E95C41BC61971002E67EF /* jp_attack_on_gaint_cat_ad.jpg */; };
		B55E95D21BC61971002E67EF /* crazy_split_ad.png in Resources */ = {isa = PBXBuildFile; fileRef = B55E95C51BC61971002E67EF /* crazy_split_ad.png */; };
		B55E95D31BC61971002E67EF /* HappyDownStages_AD.png in Resources */ = {isa = PBXBuildFile; fileRef = B55E95C61BC61971002E67EF /* HappyDownStages_AD.png */; };
		B55E95E11BC61EFF002E67EF /* unlimited_cat_world_ad.png in Resources */ = {isa = PBXBuildFile; fileRef = B55E95BA1BC61971002E67EF /* unlimited_cat_world_ad.png */; };
		B55E95E21BC61EFF002E67EF /* UnlimitedCatWorld_ad.png in Resources */ = {isa = PBXBuildFile; fileRef = B55E95BB1BC61971002E67EF /* UnlimitedCatWorld_ad.png */; };
		B55E95E31BC61EFF002E67EF /* ad1.jpg in Resources */ = {isa = PBXBuildFile; fileRef = B55E95BC1BC61971002E67EF /* ad1.jpg */; };
		B55E95E41BC61EFF002E67EF /* ad2.jpg in Resources */ = {isa = PBXBuildFile; fileRef = B55E95BD1BC61971002E67EF /* ad2.jpg */; };
		B55E95E51BC61EFF002E67EF /* ad3.jpg in Resources */ = {isa = PBXBuildFile; fileRef = B55E95BE1BC61971002E67EF /* ad3.jpg */; };
		B55E95E61BC61EFF002E67EF /* 2048_ad.png in Resources */ = {isa = PBXBuildFile; fileRef = B55E95BF1BC61971002E67EF /* 2048_ad.png */; };
		B55E95E71BC61EFF002E67EF /* Shoot_Learning_ad.png in Resources */ = {isa = PBXBuildFile; fileRef = B55E95C01BC61971002E67EF /* Shoot_Learning_ad.png */; };
		B55E95E81BC61EFF002E67EF /* cute_dudge_ad.png in Resources */ = {isa = PBXBuildFile; fileRef = B55E95C11BC61971002E67EF /* cute_dudge_ad.png */; };
		B55E95E91BC61EFF002E67EF /* cn_attack_on_gaint_cat_ad.jpg in Resources */ = {isa = PBXBuildFile; fileRef = B55E95C21BC61971002E67EF /* cn_attack_on_gaint_cat_ad.jpg */; };
		B55E95EA1BC61EFF002E67EF /* en_attack_on_gaint_cat_ad.jpg in Resources */ = {isa = PBXBuildFile; fileRef = B55E95C31BC61971002E67EF /* en_attack_on_gaint_cat_ad.jpg */; };
		B55E95EB1BC61EFF002E67EF /* jp_attack_on_gaint_cat_ad.jpg in Resources */ = {isa = PBXBuildFile; fileRef = B55E95C41BC61971002E67EF /* jp_attack_on_gaint_cat_ad.jpg */; };
		B55E95EC1BC61EFF002E67EF /* crazy_split_ad.png in Resources */ = {isa = PBXBuildFile; fileRef = B55E95C51BC61971002E67EF /* crazy_split_ad.png */; };
		B55E95ED1BC61EFF002E67EF /* HappyDownStages_AD.png in Resources */ = {isa = PBXBuildFile; fileRef = B55E95C61BC61971002E67EF /* HappyDownStages_AD.png */; };
		B55E95EF1BC67201002E67EF /* Localizable.strings in Resources */ = {isa = PBXBuildFile; fileRef = B55E95F21BC67201002E67EF /* Localizable.strings */; };
		B55E95F01BC67201002E67EF /* Localizable.strings in Resources */ = {isa = PBXBuildFile; fileRef = B55E95F21BC67201002E67EF /* Localizable.strings */; };
		B55E96051BCC6E27002E67EF /* GameCenterUtil.m in Sources */ = {isa = PBXBuildFile; fileRef = B55E96041BCC6E27002E67EF /* GameCenterUtil.m */; };
		B55E96061BCC6E27002E67EF /* GameCenterUtil.m in Sources */ = {isa = PBXBuildFile; fileRef = B55E96041BCC6E27002E67EF /* GameCenterUtil.m */; };
		B55E96081BCC705C002E67EF /* leader_board_btn.png in Resources */ = {isa = PBXBuildFile; fileRef = B55E96071BCC705B002E67EF /* leader_board_btn.png */; };
		B55E96091BCC705C002E67EF /* leader_board_btn.png in Resources */ = {isa = PBXBuildFile; fileRef = B55E96071BCC705B002E67EF /* leader_board_btn.png */; };
		B5A1A5261BD70CE800F1C9AC /* btn_guide_hd.png in Resources */ = {isa = PBXBuildFile; fileRef = B5D3DA1D1BD1FA3700E80F4F /* btn_guide_hd.png */; };
		B5A1A5271BD715FE00F1C9AC /* HintViewController.m in Sources */ = {isa = PBXBuildFile; fileRef = B5D3DA201BD1FADA00E80F4F /* HintViewController.m */; };
		B5A1A5281BD7162C00F1C9AC /* hint.png in Resources */ = {isa = PBXBuildFile; fileRef = B5D3DA221BD1FB9900E80F4F /* hint.png */; };
		B5AFFC171B423A020062ABF7 /* frame.png in Resources */ = {isa = PBXBuildFile; fileRef = B5AFFC161B423A020062ABF7 /* frame.png */; };
		B5AFFC191B423A110062ABF7 /* borad_bg.png in Resources */ = {isa = PBXBuildFile; fileRef = B5AFFC181B423A110062ABF7 /* borad_bg.png */; };
		B5AFFC1E1B42471D0062ABF7 /* CFNetwork.framework in Frameworks */ = {isa = PBXBuildFile; fileRef = B5AFFC1D1B42471D0062ABF7 /* CFNetwork.framework */; };
		B5AFFC201B42472B0062ABF7 /* SystemConfiguration.framework in Frameworks */ = {isa = PBXBuildFile; fileRef = B5AFFC1F1B42472B0062ABF7 /* SystemConfiguration.framework */; };
		B5AFFC4A1B424A510062ABF7 /* .gitignore in Resources */ = {isa = PBXBuildFile; fileRef = B5AFFC221B424A510062ABF7 /* .gitignore */; };
		B5AFFC4B1B424A510062ABF7 /* Appirater.m in Sources */ = {isa = PBXBuildFile; fileRef = B5AFFC241B424A510062ABF7 /* Appirater.m */; };
		B5AFFC4C1B424A510062ABF7 /* Appirater.podspec.json in Resources */ = {isa = PBXBuildFile; fileRef = B5AFFC251B424A510062ABF7 /* Appirater.podspec.json */; };
		B5AFFC4D1B424A510062ABF7 /* AppiraterLocalizable.strings in Resources */ = {isa = PBXBuildFile; fileRef = B5AFFC271B424A510062ABF7 /* AppiraterLocalizable.strings */; };
		B5AFFC4E1B424A510062ABF7 /* CHANGELOG.md in Sources */ = {isa = PBXBuildFile; fileRef = B5AFFC2A1B424A510062ABF7 /* CHANGELOG.md */; };
		B5AFFC4F1B424A510062ABF7 /* README.md in Sources */ = {isa = PBXBuildFile; fileRef = B5AFFC3F1B424A510062ABF7 /* README.md */; };
		B5D3DA231BD1FB9900E80F4F /* hint.png in Resources */ = {isa = PBXBuildFile; fileRef = B5D3DA221BD1FB9900E80F4F /* hint.png */; };
		B5E58D701AE1C459009385F0 /* XCTest.framework in Frameworks */ = {isa = PBXBuildFile; fileRef = B5E58D6F1AE1C459009385F0 /* XCTest.framework */; };
		B5E58D711AE1C459009385F0 /* Foundation.framework in Frameworks */ = {isa = PBXBuildFile; fileRef = B5E58D491AE1C459009385F0 /* Foundation.framework */; };
		B5E58D721AE1C459009385F0 /* UIKit.framework in Frameworks */ = {isa = PBXBuildFile; fileRef = B5E58D4D1AE1C459009385F0 /* UIKit.framework */; };
		B5E58D7A1AE1C459009385F0 /* InfoPlist.strings in Resources */ = {isa = PBXBuildFile; fileRef = B5E58D781AE1C459009385F0 /* InfoPlist.strings */; };
		B5E58D7C1AE1C459009385F0 /* Try_Laba_For_CatTests.m in Sources */ = {isa = PBXBuildFile; fileRef = B5E58D7B1AE1C459009385F0 /* Try_Laba_For_CatTests.m */; };
/* End PBXBuildFile section */

/* Begin PBXContainerItemProxy section */
		B5C6154A263DA2DD00CFDD98 /* PBXContainerItemProxy */ = {
			isa = PBXContainerItemProxy;
			containerPortal = B5E58D3E1AE1C459009385F0 /* Project object */;
			proxyType = 1;
			remoteGlobalIDString = B53E30471B1AA17C00B7457E;
			remoteInfo = InfinitySlot;
		};
/* End PBXContainerItemProxy section */

/* Begin PBXFileReference section */
		6BC411956061E74EBC83A226 /* Pods_InfinitySlotTests.framework */ = {isa = PBXFileReference; explicitFileType = wrapper.framework; includeInIndex = 0; path = Pods_InfinitySlotTests.framework; sourceTree = BUILT_PRODUCTS_DIR; };
		6C3070F925E4AB193033C3C1 /* Pods-InfinitySlotTests.debug.xcconfig */ = {isa = PBXFileReference; includeInIndex = 1; lastKnownFileType = text.xcconfig; name = "Pods-InfinitySlotTests.debug.xcconfig"; path = "Target Support Files/Pods-InfinitySlotTests/Pods-InfinitySlotTests.debug.xcconfig"; sourceTree = "<group>"; };
		7333B7296DE8D72F09535991 /* Pods-InfinitySlotTests.release.xcconfig */ = {isa = PBXFileReference; includeInIndex = 1; lastKnownFileType = text.xcconfig; name = "Pods-InfinitySlotTests.release.xcconfig"; path = "Target Support Files/Pods-InfinitySlotTests/Pods-InfinitySlotTests.release.xcconfig"; sourceTree = "<group>"; };
		A020BD5498A38195603D6667 /* Pods_InfinitySlot.framework */ = {isa = PBXFileReference; explicitFileType = wrapper.framework; includeInIndex = 0; path = Pods_InfinitySlot.framework; sourceTree = BUILT_PRODUCTS_DIR; };
		B12932226FBBD9E4DE6C9069 /* Pods-InfinitySlot.debug.xcconfig */ = {isa = PBXFileReference; includeInIndex = 1; lastKnownFileType = text.xcconfig; name = "Pods-InfinitySlot.debug.xcconfig"; path = "Target Support Files/Pods-InfinitySlot/Pods-InfinitySlot.debug.xcconfig"; sourceTree = "<group>"; };
		B53E30381B193F7F00B7457E /* MyUtils.h */ = {isa = PBXFileReference; fileEncoding = 4; lastKnownFileType = sourcecode.c.h; path = MyUtils.h; sourceTree = "<group>"; };
		B53E30391B193F7F00B7457E /* MyUtils.m */ = {isa = PBXFileReference; fileEncoding = 4; lastKnownFileType = sourcecode.c.objc; path = MyUtils.m; sourceTree = "<group>"; };
		B53E303B1B1941D300B7457E /* laba.mp3 */ = {isa = PBXFileReference; lastKnownFileType = audio.mp3; path = laba.mp3; sourceTree = "<group>"; };
		B53E303D1B19438A00B7457E /* money.wav */ = {isa = PBXFileReference; lastKnownFileType = audio.wav; path = money.wav; sourceTree = "<group>"; };
		B53E303F1B19C6EE00B7457E /* StoreKit.framework */ = {isa = PBXFileReference; lastKnownFileType = wrapper.framework; name = StoreKit.framework; path = System/Library/Frameworks/StoreKit.framework; sourceTree = SDKROOT; };
		B53E30441B19E7BD00B7457E /* BuyViewController.h */ = {isa = PBXFileReference; fileEncoding = 4; lastKnownFileType = sourcecode.c.h; path = BuyViewController.h; sourceTree = "<group>"; };
		B53E30451B19E7BD00B7457E /* BuyViewController.m */ = {isa = PBXFileReference; fileEncoding = 4; lastKnownFileType = sourcecode.c.objc; path = BuyViewController.m; sourceTree = "<group>"; };
		B53E30931B1AA17C00B7457E /* InfinitySlot.app */ = {isa = PBXFileReference; explicitFileType = wrapper.application; includeInIndex = 0; path = InfinitySlot.app; sourceTree = BUILT_PRODUCTS_DIR; };
		B55E95BA1BC61971002E67EF /* unlimited_cat_world_ad.png */ = {isa = PBXFileReference; lastKnownFileType = image.png; path = unlimited_cat_world_ad.png; sourceTree = "<group>"; };
		B55E95BB1BC61971002E67EF /* UnlimitedCatWorld_ad.png */ = {isa = PBXFileReference; lastKnownFileType = image.png; path = UnlimitedCatWorld_ad.png; sourceTree = "<group>"; };
		B55E95BC1BC61971002E67EF /* ad1.jpg */ = {isa = PBXFileReference; lastKnownFileType = image.jpeg; path = ad1.jpg; sourceTree = "<group>"; };
		B55E95BD1BC61971002E67EF /* ad2.jpg */ = {isa = PBXFileReference; lastKnownFileType = image.jpeg; path = ad2.jpg; sourceTree = "<group>"; };
		B55E95BE1BC61971002E67EF /* ad3.jpg */ = {isa = PBXFileReference; lastKnownFileType = image.jpeg; path = ad3.jpg; sourceTree = "<group>"; };
		B55E95BF1BC61971002E67EF /* 2048_ad.png */ = {isa = PBXFileReference; lastKnownFileType = image.png; path = 2048_ad.png; sourceTree = "<group>"; };
		B55E95C01BC61971002E67EF /* Shoot_Learning_ad.png */ = {isa = PBXFileReference; lastKnownFileType = image.png; path = Shoot_Learning_ad.png; sourceTree = "<group>"; };
		B55E95C11BC61971002E67EF /* cute_dudge_ad.png */ = {isa = PBXFileReference; lastKnownFileType = image.png; path = cute_dudge_ad.png; sourceTree = "<group>"; };
		B55E95C21BC61971002E67EF /* cn_attack_on_gaint_cat_ad.jpg */ = {isa = PBXFileReference; lastKnownFileType = image.jpeg; path = cn_attack_on_gaint_cat_ad.jpg; sourceTree = "<group>"; };
		B55E95C31BC61971002E67EF /* en_attack_on_gaint_cat_ad.jpg */ = {isa = PBXFileReference; lastKnownFileType = image.jpeg; path = en_attack_on_gaint_cat_ad.jpg; sourceTree = "<group>"; };
		B55E95C41BC61971002E67EF /* jp_attack_on_gaint_cat_ad.jpg */ = {isa = PBXFileReference; lastKnownFileType = image.jpeg; path = jp_attack_on_gaint_cat_ad.jpg; sourceTree = "<group>"; };
		B55E95C51BC61971002E67EF /* crazy_split_ad.png */ = {isa = PBXFileReference; lastKnownFileType = image.png; path = crazy_split_ad.png; sourceTree = "<group>"; };
		B55E95C61BC61971002E67EF /* HappyDownStages_AD.png */ = {isa = PBXFileReference; lastKnownFileType = image.png; path = HappyDownStages_AD.png; sourceTree = "<group>"; };
		B55E95F11BC67201002E67EF /* Base */ = {isa = PBXFileReference; lastKnownFileType = text.plist.strings; name = Base; path = Base.lproj/Localizable.strings; sourceTree = "<group>"; };
		B55E95F31BC67207002E67EF /* en */ = {isa = PBXFileReference; lastKnownFileType = text.plist.strings; name = en; path = en.lproj/Localizable.strings; sourceTree = "<group>"; };
		B55E95F41BC67214002E67EF /* zh-Hant */ = {isa = PBXFileReference; lastKnownFileType = text.plist.strings; name = "zh-Hant"; path = "zh-Hant.lproj/Localizable.strings"; sourceTree = "<group>"; };
		B55E95F61BC67226002E67EF /* zh-Hans */ = {isa = PBXFileReference; lastKnownFileType = text.plist.strings; name = "zh-Hans"; path = "zh-Hans.lproj/Localizable.strings"; sourceTree = "<group>"; };
		B55E95F71BC67229002E67EF /* ja */ = {isa = PBXFileReference; lastKnownFileType = text.plist.strings; name = ja; path = ja.lproj/Localizable.strings; sourceTree = "<group>"; };
		B55E95F81BC67251002E67EF /* zh-Hant */ = {isa = PBXFileReference; lastKnownFileType = text.plist.strings; name = "zh-Hant"; path = "zh-Hant.lproj/InfoPlist.strings"; sourceTree = "<group>"; };
		B55E95FA1BC67253002E67EF /* zh-Hans */ = {isa = PBXFileReference; lastKnownFileType = text.plist.strings; name = "zh-Hans"; path = "zh-Hans.lproj/InfoPlist.strings"; sourceTree = "<group>"; };
		B55E95FB1BC6725B002E67EF /* Base */ = {isa = PBXFileReference; lastKnownFileType = text.plist.strings; name = Base; path = Base.lproj/InfoPlist.strings; sourceTree = "<group>"; };
		B55E95FC1BC67260002E67EF /* ja */ = {isa = PBXFileReference; lastKnownFileType = text.plist.strings; name = ja; path = ja.lproj/InfoPlist.strings; sourceTree = "<group>"; };
		B55E96031BCC6E27002E67EF /* GameCenterUtil.h */ = {isa = PBXFileReference; fileEncoding = 4; lastKnownFileType = sourcecode.c.h; path = GameCenterUtil.h; sourceTree = "<group>"; };
		B55E96041BCC6E27002E67EF /* GameCenterUtil.m */ = {isa = PBXFileReference; fileEncoding = 4; lastKnownFileType = sourcecode.c.objc; path = GameCenterUtil.m; sourceTree = "<group>"; };
		B55E96071BCC705B002E67EF /* leader_board_btn.png */ = {isa = PBXFileReference; lastKnownFileType = image.png; path = leader_board_btn.png; sourceTree = "<group>"; };
		B57795171B01FCA000ABE278 /* MyADView.h */ = {isa = PBXFileReference; fileEncoding = 4; lastKnownFileType = sourcecode.c.h; path = MyADView.h; sourceTree = "<group>"; };
		B57795181B01FCA000ABE278 /* MyADView.m */ = {isa = PBXFileReference; fileEncoding = 4; lastKnownFileType = sourcecode.c.objc; path = MyADView.m; sourceTree = "<group>"; };
		B577951A1B058FB800ABE278 /* store1.png */ = {isa = PBXFileReference; lastKnownFileType = image.png; path = store1.png; sourceTree = "<group>"; };
		B577951B1B058FB800ABE278 /* store2.png */ = {isa = PBXFileReference; lastKnownFileType = image.png; path = store2.png; sourceTree = "<group>"; };
		B577951E1B05905000ABE278 /* money_in_bar.jpg */ = {isa = PBXFileReference; lastKnownFileType = image.jpeg; path = money_in_bar.jpg; sourceTree = "<group>"; };
		B57795201B05939200ABE278 /* RuleUtil.h */ = {isa = PBXFileReference; fileEncoding = 4; lastKnownFileType = sourcecode.c.h; path = RuleUtil.h; sourceTree = "<group>"; };
		B57795211B05939200ABE278 /* RuleUtil.m */ = {isa = PBXFileReference; fileEncoding = 4; lastKnownFileType = sourcecode.c.objc; path = RuleUtil.m; sourceTree = "<group>"; };
		B57795231B05BF1B00ABE278 /* CommonUtil.h */ = {isa = PBXFileReference; fileEncoding = 4; lastKnownFileType = sourcecode.c.h; path = CommonUtil.h; sourceTree = "<group>"; };
		B57795241B05BF1B00ABE278 /* CommonUtil.m */ = {isa = PBXFileReference; fileEncoding = 4; lastKnownFileType = sourcecode.c.objc; path = CommonUtil.m; sourceTree = "<group>"; };
		B57795261B05C6D500ABE278 /* Reachability.h */ = {isa = PBXFileReference; fileEncoding = 4; lastKnownFileType = sourcecode.c.h; path = Reachability.h; sourceTree = "<group>"; };
		B57795271B05C6D500ABE278 /* Reachability.m */ = {isa = PBXFileReference; fileEncoding = 4; lastKnownFileType = sourcecode.c.objc; path = Reachability.m; sourceTree = "<group>"; };
		B57795291B09D9E700ABE278 /* MyDefine.h */ = {isa = PBXFileReference; lastKnownFileType = sourcecode.c.h; path = MyDefine.h; sourceTree = "<group>"; };
		B592A7921AF6F3470014FC4C /* GameOverViewController.h */ = {isa = PBXFileReference; fileEncoding = 4; lastKnownFileType = sourcecode.c.h; path = GameOverViewController.h; sourceTree = "<group>"; };
		B592A7931AF6F3470014FC4C /* GameOverViewController.m */ = {isa = PBXFileReference; fileEncoding = 4; lastKnownFileType = sourcecode.c.objc; path = GameOverViewController.m; sourceTree = "<group>"; };
		B592A7951AF6F6090014FC4C /* TextureHelper.h */ = {isa = PBXFileReference; fileEncoding = 4; lastKnownFileType = sourcecode.c.h; path = TextureHelper.h; sourceTree = "<group>"; };
		B592A7961AF6F6090014FC4C /* TextureHelper.m */ = {isa = PBXFileReference; fileEncoding = 4; lastKnownFileType = sourcecode.c.objc; path = TextureHelper.m; sourceTree = "<group>"; };
		B5AFFC161B423A020062ABF7 /* frame.png */ = {isa = PBXFileReference; lastKnownFileType = image.png; path = frame.png; sourceTree = "<group>"; };
		B5AFFC181B423A110062ABF7 /* borad_bg.png */ = {isa = PBXFileReference; lastKnownFileType = image.png; path = borad_bg.png; sourceTree = "<group>"; };
		B5AFFC1D1B42471D0062ABF7 /* CFNetwork.framework */ = {isa = PBXFileReference; lastKnownFileType = wrapper.framework; name = CFNetwork.framework; path = System/Library/Frameworks/CFNetwork.framework; sourceTree = SDKROOT; };
		B5AFFC1F1B42472B0062ABF7 /* SystemConfiguration.framework */ = {isa = PBXFileReference; lastKnownFileType = wrapper.framework; name = SystemConfiguration.framework; path = System/Library/Frameworks/SystemConfiguration.framework; sourceTree = SDKROOT; };
		B5AFFC221B424A510062ABF7 /* .gitignore */ = {isa = PBXFileReference; fileEncoding = 4; lastKnownFileType = text; path = .gitignore; sourceTree = "<group>"; };
		B5AFFC231B424A510062ABF7 /* Appirater.h */ = {isa = PBXFileReference; fileEncoding = 4; lastKnownFileType = sourcecode.c.h; path = Appirater.h; sourceTree = "<group>"; };
		B5AFFC241B424A510062ABF7 /* Appirater.m */ = {isa = PBXFileReference; fileEncoding = 4; lastKnownFileType = sourcecode.c.objc; path = Appirater.m; sourceTree = "<group>"; };
		B5AFFC251B424A510062ABF7 /* Appirater.podspec.json */ = {isa = PBXFileReference; fileEncoding = 4; lastKnownFileType = text.json; path = Appirater.podspec.json; sourceTree = "<group>"; };
		B5AFFC261B424A510062ABF7 /* AppiraterDelegate.h */ = {isa = PBXFileReference; fileEncoding = 4; lastKnownFileType = sourcecode.c.h; path = AppiraterDelegate.h; sourceTree = "<group>"; };
		B5AFFC281B424A510062ABF7 /* ar */ = {isa = PBXFileReference; lastKnownFileType = text.plist.strings; name = ar; path = ar.lproj/AppiraterLocalizable.strings; sourceTree = "<group>"; };
		B5AFFC291B424A510062ABF7 /* ca */ = {isa = PBXFileReference; lastKnownFileType = text.plist.strings; name = ca; path = ca.lproj/AppiraterLocalizable.strings; sourceTree = "<group>"; };
		B5AFFC2A1B424A510062ABF7 /* CHANGELOG.md */ = {isa = PBXFileReference; fileEncoding = 4; lastKnownFileType = net.daringfireball.markdown; path = CHANGELOG.md; sourceTree = "<group>"; };
		B5AFFC2B1B424A510062ABF7 /* cs */ = {isa = PBXFileReference; lastKnownFileType = text.plist.strings; name = cs; path = cs.lproj/AppiraterLocalizable.strings; sourceTree = "<group>"; };
		B5AFFC2C1B424A510062ABF7 /* da */ = {isa = PBXFileReference; lastKnownFileType = text.plist.strings; name = da; path = da.lproj/AppiraterLocalizable.strings; sourceTree = "<group>"; };
		B5AFFC2D1B424A510062ABF7 /* de */ = {isa = PBXFileReference; lastKnownFileType = text.plist.strings; name = de; path = de.lproj/AppiraterLocalizable.strings; sourceTree = "<group>"; };
		B5AFFC2E1B424A510062ABF7 /* el */ = {isa = PBXFileReference; lastKnownFileType = text.plist.strings; name = el; path = el.lproj/AppiraterLocalizable.strings; sourceTree = "<group>"; };
		B5AFFC2F1B424A510062ABF7 /* en */ = {isa = PBXFileReference; lastKnownFileType = text.plist.strings; name = en; path = en.lproj/AppiraterLocalizable.strings; sourceTree = "<group>"; };
		B5AFFC301B424A510062ABF7 /* es */ = {isa = PBXFileReference; lastKnownFileType = text.plist.strings; name = es; path = es.lproj/AppiraterLocalizable.strings; sourceTree = "<group>"; };
		B5AFFC311B424A510062ABF7 /* fi */ = {isa = PBXFileReference; lastKnownFileType = text.plist.strings; name = fi; path = fi.lproj/AppiraterLocalizable.strings; sourceTree = "<group>"; };
		B5AFFC321B424A510062ABF7 /* fr */ = {isa = PBXFileReference; lastKnownFileType = text.plist.strings; name = fr; path = fr.lproj/AppiraterLocalizable.strings; sourceTree = "<group>"; };
		B5AFFC331B424A510062ABF7 /* he */ = {isa = PBXFileReference; lastKnownFileType = text.plist.strings; name = he; path = he.lproj/AppiraterLocalizable.strings; sourceTree = "<group>"; };
		B5AFFC341B424A510062ABF7 /* hu */ = {isa = PBXFileReference; lastKnownFileType = text.plist.strings; name = hu; path = hu.lproj/AppiraterLocalizable.strings; sourceTree = "<group>"; };
		B5AFFC351B424A510062ABF7 /* id */ = {isa = PBXFileReference; lastKnownFileType = text.plist.strings; name = id; path = id.lproj/AppiraterLocalizable.strings; sourceTree = "<group>"; };
		B5AFFC361B424A510062ABF7 /* it */ = {isa = PBXFileReference; lastKnownFileType = text.plist.strings; name = it; path = it.lproj/AppiraterLocalizable.strings; sourceTree = "<group>"; };
		B5AFFC371B424A510062ABF7 /* ja */ = {isa = PBXFileReference; lastKnownFileType = text.plist.strings; name = ja; path = ja.lproj/AppiraterLocalizable.strings; sourceTree = "<group>"; };
		B5AFFC381B424A510062ABF7 /* ko */ = {isa = PBXFileReference; lastKnownFileType = text.plist.strings; name = ko; path = ko.lproj/AppiraterLocalizable.strings; sourceTree = "<group>"; };
		B5AFFC391B424A510062ABF7 /* ms */ = {isa = PBXFileReference; lastKnownFileType = text.plist.strings; name = ms; path = ms.lproj/AppiraterLocalizable.strings; sourceTree = "<group>"; };
		B5AFFC3A1B424A510062ABF7 /* nb */ = {isa = PBXFileReference; lastKnownFileType = text.plist.strings; name = nb; path = nb.lproj/AppiraterLocalizable.strings; sourceTree = "<group>"; };
		B5AFFC3B1B424A510062ABF7 /* nl */ = {isa = PBXFileReference; lastKnownFileType = text.plist.strings; name = nl; path = nl.lproj/AppiraterLocalizable.strings; sourceTree = "<group>"; };
		B5AFFC3C1B424A510062ABF7 /* pl */ = {isa = PBXFileReference; lastKnownFileType = text.plist.strings; name = pl; path = pl.lproj/AppiraterLocalizable.strings; sourceTree = "<group>"; };
		B5AFFC3D1B424A510062ABF7 /* pt-BR */ = {isa = PBXFileReference; lastKnownFileType = text.plist.strings; name = "pt-BR"; path = "pt-BR.lproj/AppiraterLocalizable.strings"; sourceTree = "<group>"; };
		B5AFFC3E1B424A510062ABF7 /* pt */ = {isa = PBXFileReference; lastKnownFileType = text.plist.strings; name = pt; path = pt.lproj/AppiraterLocalizable.strings; sourceTree = "<group>"; };
		B5AFFC3F1B424A510062ABF7 /* README.md */ = {isa = PBXFileReference; fileEncoding = 4; lastKnownFileType = net.daringfireball.markdown; path = README.md; sourceTree = "<group>"; };
		B5AFFC401B424A510062ABF7 /* ro */ = {isa = PBXFileReference; lastKnownFileType = text.plist.strings; name = ro; path = ro.lproj/AppiraterLocalizable.strings; sourceTree = "<group>"; };
		B5AFFC411B424A510062ABF7 /* ru */ = {isa = PBXFileReference; lastKnownFileType = text.plist.strings; name = ru; path = ru.lproj/AppiraterLocalizable.strings; sourceTree = "<group>"; };
		B5AFFC421B424A510062ABF7 /* sk */ = {isa = PBXFileReference; lastKnownFileType = text.plist.strings; name = sk; path = sk.lproj/AppiraterLocalizable.strings; sourceTree = "<group>"; };
		B5AFFC431B424A510062ABF7 /* sv */ = {isa = PBXFileReference; lastKnownFileType = text.plist.strings; name = sv; path = sv.lproj/AppiraterLocalizable.strings; sourceTree = "<group>"; };
		B5AFFC441B424A510062ABF7 /* th */ = {isa = PBXFileReference; lastKnownFileType = text.plist.strings; name = th; path = th.lproj/AppiraterLocalizable.strings; sourceTree = "<group>"; };
		B5AFFC451B424A510062ABF7 /* tr */ = {isa = PBXFileReference; lastKnownFileType = text.plist.strings; name = tr; path = tr.lproj/AppiraterLocalizable.strings; sourceTree = "<group>"; };
		B5AFFC461B424A510062ABF7 /* uk */ = {isa = PBXFileReference; lastKnownFileType = text.plist.strings; name = uk; path = uk.lproj/AppiraterLocalizable.strings; sourceTree = "<group>"; };
		B5AFFC471B424A510062ABF7 /* vi */ = {isa = PBXFileReference; lastKnownFileType = text.plist.strings; name = vi; path = vi.lproj/AppiraterLocalizable.strings; sourceTree = "<group>"; };
		B5AFFC481B424A510062ABF7 /* zh-Hans */ = {isa = PBXFileReference; lastKnownFileType = text.plist.strings; name = "zh-Hans"; path = "zh-Hans.lproj/AppiraterLocalizable.strings"; sourceTree = "<group>"; };
		B5AFFC491B424A510062ABF7 /* zh-Hant */ = {isa = PBXFileReference; lastKnownFileType = text.plist.strings; name = "zh-Hant"; path = "zh-Hant.lproj/AppiraterLocalizable.strings"; sourceTree = "<group>"; };
		B5D3DA1D1BD1FA3700E80F4F /* btn_guide_hd.png */ = {isa = PBXFileReference; lastKnownFileType = image.png; path = btn_guide_hd.png; sourceTree = "<group>"; };
		B5D3DA1F1BD1FADA00E80F4F /* HintViewController.h */ = {isa = PBXFileReference; fileEncoding = 4; lastKnownFileType = sourcecode.c.h; path = HintViewController.h; sourceTree = "<group>"; };
		B5D3DA201BD1FADA00E80F4F /* HintViewController.m */ = {isa = PBXFileReference; fileEncoding = 4; lastKnownFileType = sourcecode.c.objc; path = HintViewController.m; sourceTree = "<group>"; };
		B5D3DA221BD1FB9900E80F4F /* hint.png */ = {isa = PBXFileReference; lastKnownFileType = image.png; path = hint.png; sourceTree = "<group>"; };
		B5E58D491AE1C459009385F0 /* Foundation.framework */ = {isa = PBXFileReference; lastKnownFileType = wrapper.framework; name = Foundation.framework; path = System/Library/Frameworks/Foundation.framework; sourceTree = SDKROOT; };
		B5E58D4B1AE1C459009385F0 /* CoreGraphics.framework */ = {isa = PBXFileReference; lastKnownFileType = wrapper.framework; name = CoreGraphics.framework; path = System/Library/Frameworks/CoreGraphics.framework; sourceTree = SDKROOT; };
		B5E58D4D1AE1C459009385F0 /* UIKit.framework */ = {isa = PBXFileReference; lastKnownFileType = wrapper.framework; name = UIKit.framework; path = System/Library/Frameworks/UIKit.framework; sourceTree = SDKROOT; };
		B5E58D4F1AE1C459009385F0 /* SpriteKit.framework */ = {isa = PBXFileReference; lastKnownFileType = wrapper.framework; name = SpriteKit.framework; path = System/Library/Frameworks/SpriteKit.framework; sourceTree = SDKROOT; };
		B5E58D531AE1C459009385F0 /* Try_Laba_For_Cat-Info.plist */ = {isa = PBXFileReference; lastKnownFileType = text.plist.xml; path = "Try_Laba_For_Cat-Info.plist"; sourceTree = "<group>"; };
		B5E58D551AE1C459009385F0 /* en */ = {isa = PBXFileReference; lastKnownFileType = text.plist.strings; name = en; path = en.lproj/InfoPlist.strings; sourceTree = "<group>"; };
		B5E58D571AE1C459009385F0 /* main.m */ = {isa = PBXFileReference; lastKnownFileType = sourcecode.c.objc; path = main.m; sourceTree = "<group>"; };
		B5E58D591AE1C459009385F0 /* Try_Laba_For_Cat-Prefix.pch */ = {isa = PBXFileReference; lastKnownFileType = sourcecode.c.h; path = "Try_Laba_For_Cat-Prefix.pch"; sourceTree = "<group>"; };
		B5E58D5A1AE1C459009385F0 /* AppDelegate.h */ = {isa = PBXFileReference; lastKnownFileType = sourcecode.c.h; path = AppDelegate.h; sourceTree = "<group>"; };
		B5E58D5B1AE1C459009385F0 /* AppDelegate.m */ = {isa = PBXFileReference; lastKnownFileType = sourcecode.c.objc; path = AppDelegate.m; sourceTree = "<group>"; };
		B5E58D5E1AE1C459009385F0 /* Base */ = {isa = PBXFileReference; lastKnownFileType = file.storyboard; name = Base; path = Base.lproj/Main.storyboard; sourceTree = "<group>"; };
		B5E58D601AE1C459009385F0 /* ViewController.h */ = {isa = PBXFileReference; lastKnownFileType = sourcecode.c.h; path = ViewController.h; sourceTree = "<group>"; };
		B5E58D611AE1C459009385F0 /* ViewController.m */ = {isa = PBXFileReference; lastKnownFileType = sourcecode.c.objc; path = ViewController.m; sourceTree = "<group>"; };
		B5E58D631AE1C459009385F0 /* MyScene.h */ = {isa = PBXFileReference; lastKnownFileType = sourcecode.c.h; path = MyScene.h; sourceTree = "<group>"; };
		B5E58D641AE1C459009385F0 /* MyScene.m */ = {isa = PBXFileReference; lastKnownFileType = sourcecode.c.objc; path = MyScene.m; sourceTree = "<group>"; };
		B5E58D661AE1C459009385F0 /* Spaceship.png */ = {isa = PBXFileReference; lastKnownFileType = image.png; path = Spaceship.png; sourceTree = "<group>"; };
		B5E58D681AE1C459009385F0 /* Images.xcassets */ = {isa = PBXFileReference; lastKnownFileType = folder.assetcatalog; path = Images.xcassets; sourceTree = "<group>"; };
		B5E58D6E1AE1C459009385F0 /* InfinitySlotTests.xctest */ = {isa = PBXFileReference; explicitFileType = wrapper.cfbundle; includeInIndex = 0; path = InfinitySlotTests.xctest; sourceTree = BUILT_PRODUCTS_DIR; };
		B5E58D6F1AE1C459009385F0 /* XCTest.framework */ = {isa = PBXFileReference; lastKnownFileType = wrapper.framework; name = XCTest.framework; path = Library/Frameworks/XCTest.framework; sourceTree = DEVELOPER_DIR; };
		B5E58D771AE1C459009385F0 /* Try_Laba_For_CatTests-Info.plist */ = {isa = PBXFileReference; lastKnownFileType = text.plist.xml; path = "Try_Laba_For_CatTests-Info.plist"; sourceTree = "<group>"; };
		B5E58D791AE1C459009385F0 /* en */ = {isa = PBXFileReference; lastKnownFileType = text.plist.strings; name = en; path = en.lproj/InfoPlist.strings; sourceTree = "<group>"; };
		B5E58D7B1AE1C459009385F0 /* Try_Laba_For_CatTests.m */ = {isa = PBXFileReference; lastKnownFileType = sourcecode.c.objc; path = Try_Laba_For_CatTests.m; sourceTree = "<group>"; };
		B5E58D8C1AE1C542009385F0 /* m01.png */ = {isa = PBXFileReference; lastKnownFileType = image.png; path = m01.png; sourceTree = "<group>"; };
		B5E58D8D1AE1C542009385F0 /* m02.png */ = {isa = PBXFileReference; lastKnownFileType = image.png; path = m02.png; sourceTree = "<group>"; };
		B5E58D8E1AE1C542009385F0 /* m03.png */ = {isa = PBXFileReference; lastKnownFileType = image.png; path = m03.png; sourceTree = "<group>"; };
		B5E58D8F1AE1C542009385F0 /* m04.png */ = {isa = PBXFileReference; lastKnownFileType = image.png; path = m04.png; sourceTree = "<group>"; };
		B5E58D901AE1C542009385F0 /* m05.png */ = {isa = PBXFileReference; lastKnownFileType = image.png; path = m05.png; sourceTree = "<group>"; };
		B5E58D911AE1C542009385F0 /* m06.png */ = {isa = PBXFileReference; lastKnownFileType = image.png; path = m06.png; sourceTree = "<group>"; };
		B5E58D921AE1C542009385F0 /* m07.png */ = {isa = PBXFileReference; lastKnownFileType = image.png; path = m07.png; sourceTree = "<group>"; };
		B5E58D931AE1C542009385F0 /* m08.png */ = {isa = PBXFileReference; lastKnownFileType = image.png; path = m08.png; sourceTree = "<group>"; };
		B5E58D941AE1C542009385F0 /* m09.png */ = {isa = PBXFileReference; lastKnownFileType = image.png; path = m09.png; sourceTree = "<group>"; };
		B5E58D951AE1C542009385F0 /* m10.png */ = {isa = PBXFileReference; lastKnownFileType = image.png; path = m10.png; sourceTree = "<group>"; };
		B5E58D961AE1C542009385F0 /* m11.png */ = {isa = PBXFileReference; lastKnownFileType = image.png; path = m11.png; sourceTree = "<group>"; };
		B5E58D971AE1C542009385F0 /* m12.png */ = {isa = PBXFileReference; lastKnownFileType = image.png; path = m12.png; sourceTree = "<group>"; };
		B5E58D981AE1C542009385F0 /* m13.png */ = {isa = PBXFileReference; lastKnownFileType = image.png; path = m13.png; sourceTree = "<group>"; };
		B5E58D991AE1C542009385F0 /* m14.png */ = {isa = PBXFileReference; lastKnownFileType = image.png; path = m14.png; sourceTree = "<group>"; };
		B5E58D9A1AE1C542009385F0 /* m15.png */ = {isa = PBXFileReference; lastKnownFileType = image.png; path = m15.png; sourceTree = "<group>"; };
		B5E58D9B1AE1C542009385F0 /* m16.png */ = {isa = PBXFileReference; lastKnownFileType = image.png; path = m16.png; sourceTree = "<group>"; };
		B5E58D9C1AE1C542009385F0 /* m17.png */ = {isa = PBXFileReference; lastKnownFileType = image.png; path = m17.png; sourceTree = "<group>"; };
		B5E58D9D1AE1C542009385F0 /* m18.png */ = {isa = PBXFileReference; lastKnownFileType = image.png; path = m18.png; sourceTree = "<group>"; };
		B5E58D9E1AE1C542009385F0 /* m19.png */ = {isa = PBXFileReference; lastKnownFileType = image.png; path = m19.png; sourceTree = "<group>"; };
		B5E58D9F1AE1C542009385F0 /* m20.png */ = {isa = PBXFileReference; lastKnownFileType = image.png; path = m20.png; sourceTree = "<group>"; };
		B5E58DA01AE1C542009385F0 /* m21.png */ = {isa = PBXFileReference; lastKnownFileType = image.png; path = m21.png; sourceTree = "<group>"; };
		B5E58DB61AE1C556009385F0 /* coin_10_btn01.png */ = {isa = PBXFileReference; lastKnownFileType = image.png; path = coin_10_btn01.png; sourceTree = "<group>"; };
		B5E58DB71AE1C556009385F0 /* coin_10_btn02.png */ = {isa = PBXFileReference; lastKnownFileType = image.png; path = coin_10_btn02.png; sourceTree = "<group>"; };
		B5E58DB81AE1C556009385F0 /* coin_30_btn01.png */ = {isa = PBXFileReference; lastKnownFileType = image.png; path = coin_30_btn01.png; sourceTree = "<group>"; };
		B5E58DB91AE1C556009385F0 /* coin_30_btn02.png */ = {isa = PBXFileReference; lastKnownFileType = image.png; path = coin_30_btn02.png; sourceTree = "<group>"; };
		B5E58DBA1AE1C556009385F0 /* coin_50_btn01.png */ = {isa = PBXFileReference; lastKnownFileType = image.png; path = coin_50_btn01.png; sourceTree = "<group>"; };
		B5E58DBB1AE1C556009385F0 /* coin_50_btn02.png */ = {isa = PBXFileReference; lastKnownFileType = image.png; path = coin_50_btn02.png; sourceTree = "<group>"; };
		B5E58DBC1AE1C556009385F0 /* gife_btn_01.png */ = {isa = PBXFileReference; lastKnownFileType = image.png; path = gife_btn_01.png; sourceTree = "<group>"; };
		B5E58DBD1AE1C556009385F0 /* gife_btn_02.png */ = {isa = PBXFileReference; lastKnownFileType = image.png; path = gife_btn_02.png; sourceTree = "<group>"; };
		B5E58DBE1AE1C556009385F0 /* ic_launcher.png */ = {isa = PBXFileReference; lastKnownFileType = image.png; path = ic_launcher.png; sourceTree = "<group>"; };
		B5E58DBF1AE1C556009385F0 /* laba_bg.jpg */ = {isa = PBXFileReference; lastKnownFileType = image.jpeg; path = laba_bg.jpg; sourceTree = "<group>"; };
		B5E58DC01AE1C556009385F0 /* laba_fg.png */ = {isa = PBXFileReference; lastKnownFileType = image.png; path = laba_fg.png; sourceTree = "<group>"; };
		B5E58DC11AE1C556009385F0 /* lol_laba2.jpg */ = {isa = PBXFileReference; lastKnownFileType = image.jpeg; path = lol_laba2.jpg; sourceTree = "<group>"; };
		B5E58DC21AE1C556009385F0 /* start_btn1.png */ = {isa = PBXFileReference; lastKnownFileType = image.png; path = start_btn1.png; sourceTree = "<group>"; };
		B5E58DC31AE1C556009385F0 /* start_btn2.png */ = {isa = PBXFileReference; lastKnownFileType = image.png; path = start_btn2.png; sourceTree = "<group>"; };
		B5E58DC41AE1C556009385F0 /* stop_btn1.png */ = {isa = PBXFileReference; lastKnownFileType = image.png; path = stop_btn1.png; sourceTree = "<group>"; };
		B5E58DC51AE1C556009385F0 /* stop_btn2.png */ = {isa = PBXFileReference; lastKnownFileType = image.png; path = stop_btn2.png; sourceTree = "<group>"; };
		B5E58DC61AE1C556009385F0 /* text.png */ = {isa = PBXFileReference; lastKnownFileType = image.png; path = text.png; sourceTree = "<group>"; };
		B5E58DC71AE1C556009385F0 /* win_frame.png */ = {isa = PBXFileReference; lastKnownFileType = image.png; path = win_frame.png; sourceTree = "<group>"; };
		F4E63779E81555984329C47D /* Pods-InfinitySlot.release.xcconfig */ = {isa = PBXFileReference; includeInIndex = 1; lastKnownFileType = text.xcconfig; name = "Pods-InfinitySlot.release.xcconfig"; path = "Target Support Files/Pods-InfinitySlot/Pods-InfinitySlot.release.xcconfig"; sourceTree = "<group>"; };
/* End PBXFileReference section */

/* Begin PBXFrameworksBuildPhase section */
		B53E30551B1AA17C00B7457E /* Frameworks */ = {
			isa = PBXFrameworksBuildPhase;
			buildActionMask = 2147483647;
			files = (
				B5AFFC201B42472B0062ABF7 /* SystemConfiguration.framework in Frameworks */,
				B5AFFC1E1B42471D0062ABF7 /* CFNetwork.framework in Frameworks */,
				B53E30561B1AA17C00B7457E /* StoreKit.framework in Frameworks */,
				B53E30571B1AA17C00B7457E /* CoreGraphics.framework in Frameworks */,
				B53E30581B1AA17C00B7457E /* UIKit.framework in Frameworks */,
				B53E305A1B1AA17C00B7457E /* SpriteKit.framework in Frameworks */,
				B53E305B1B1AA17C00B7457E /* Foundation.framework in Frameworks */,
				7842FF3478B09D8285FB1CFD /* Pods_InfinitySlot.framework in Frameworks */,
			);
			runOnlyForDeploymentPostprocessing = 0;
		};
		B5E58D6B1AE1C459009385F0 /* Frameworks */ = {
			isa = PBXFrameworksBuildPhase;
			buildActionMask = 2147483647;
			files = (
				B5E58D701AE1C459009385F0 /* XCTest.framework in Frameworks */,
				B5E58D721AE1C459009385F0 /* UIKit.framework in Frameworks */,
				B5E58D711AE1C459009385F0 /* Foundation.framework in Frameworks */,
				69CA96CDAF658886C2F33E9E /* Pods_InfinitySlotTests.framework in Frameworks */,
			);
			runOnlyForDeploymentPostprocessing = 0;
		};
/* End PBXFrameworksBuildPhase section */

/* Begin PBXGroup section */
		29D2C82C883FAD94BA706B54 /* Pods */ = {
			isa = PBXGroup;
			children = (
				B12932226FBBD9E4DE6C9069 /* Pods-InfinitySlot.debug.xcconfig */,
				F4E63779E81555984329C47D /* Pods-InfinitySlot.release.xcconfig */,
				6C3070F925E4AB193033C3C1 /* Pods-InfinitySlotTests.debug.xcconfig */,
				7333B7296DE8D72F09535991 /* Pods-InfinitySlotTests.release.xcconfig */,
			);
			path = Pods;
			sourceTree = "<group>";
		};
		B5AFFC1A1B4243C30062ABF7 /* ThirdParty */ = {
			isa = PBXGroup;
			children = (
				B5AFFC211B424A510062ABF7 /* appirater-master */,
			);
			name = ThirdParty;
			sourceTree = "<group>";
		};
		B5AFFC211B424A510062ABF7 /* appirater-master */ = {
			isa = PBXGroup;
			children = (
				B5AFFC221B424A510062ABF7 /* .gitignore */,
				B5AFFC231B424A510062ABF7 /* Appirater.h */,
				B5AFFC241B424A510062ABF7 /* Appirater.m */,
				B5AFFC251B424A510062ABF7 /* Appirater.podspec.json */,
				B5AFFC261B424A510062ABF7 /* AppiraterDelegate.h */,
				B5AFFC271B424A510062ABF7 /* AppiraterLocalizable.strings */,
				B5AFFC2A1B424A510062ABF7 /* CHANGELOG.md */,
				B5AFFC3F1B424A510062ABF7 /* README.md */,
			);
			path = "appirater-master";
			sourceTree = "<group>";
		};
		B5E58D3D1AE1C459009385F0 = {
			isa = PBXGroup;
			children = (
				B5E58D511AE1C459009385F0 /* Try_Laba_For_Cat */,
				B5E58D751AE1C459009385F0 /* Try_Laba_For_CatTests */,
				B5E58D481AE1C459009385F0 /* Frameworks */,
				B5E58D471AE1C459009385F0 /* Products */,
				29D2C82C883FAD94BA706B54 /* Pods */,
			);
			sourceTree = "<group>";
		};
		B5E58D471AE1C459009385F0 /* Products */ = {
			isa = PBXGroup;
			children = (
				B5E58D6E1AE1C459009385F0 /* InfinitySlotTests.xctest */,
				B53E30931B1AA17C00B7457E /* InfinitySlot.app */,
			);
			name = Products;
			sourceTree = "<group>";
		};
		B5E58D481AE1C459009385F0 /* Frameworks */ = {
			isa = PBXGroup;
			children = (
				B5AFFC1F1B42472B0062ABF7 /* SystemConfiguration.framework */,
				B5AFFC1D1B42471D0062ABF7 /* CFNetwork.framework */,
				B53E303F1B19C6EE00B7457E /* StoreKit.framework */,
				B5E58D491AE1C459009385F0 /* Foundation.framework */,
				B5E58D4B1AE1C459009385F0 /* CoreGraphics.framework */,
				B5E58D4D1AE1C459009385F0 /* UIKit.framework */,
				B5E58D4F1AE1C459009385F0 /* SpriteKit.framework */,
				B5E58D6F1AE1C459009385F0 /* XCTest.framework */,
				A020BD5498A38195603D6667 /* Pods_InfinitySlot.framework */,
				6BC411956061E74EBC83A226 /* Pods_InfinitySlotTests.framework */,
			);
			name = Frameworks;
			sourceTree = "<group>";
		};
		B5E58D511AE1C459009385F0 /* Try_Laba_For_Cat */ = {
			isa = PBXGroup;
			children = (
				B5AFFC1A1B4243C30062ABF7 /* ThirdParty */,
				B5E58D851AE1C510009385F0 /* Images */,
				B5E58D5A1AE1C459009385F0 /* AppDelegate.h */,
				B5E58D5B1AE1C459009385F0 /* AppDelegate.m */,
				B5E58D5D1AE1C459009385F0 /* Main.storyboard */,
				B5E58D601AE1C459009385F0 /* ViewController.h */,
				B5E58D611AE1C459009385F0 /* ViewController.m */,
				B55E96031BCC6E27002E67EF /* GameCenterUtil.h */,
				B55E96041BCC6E27002E67EF /* GameCenterUtil.m */,
				B57795231B05BF1B00ABE278 /* CommonUtil.h */,
				B57795241B05BF1B00ABE278 /* CommonUtil.m */,
				B5E58D631AE1C459009385F0 /* MyScene.h */,
				B5E58D641AE1C459009385F0 /* MyScene.m */,
				B57795201B05939200ABE278 /* RuleUtil.h */,
				B57795211B05939200ABE278 /* RuleUtil.m */,
				B5E58D661AE1C459009385F0 /* Spaceship.png */,
				B592A7921AF6F3470014FC4C /* GameOverViewController.h */,
				B592A7931AF6F3470014FC4C /* GameOverViewController.m */,
				B53E30441B19E7BD00B7457E /* BuyViewController.h */,
				B53E30451B19E7BD00B7457E /* BuyViewController.m */,
				B5D3DA1F1BD1FADA00E80F4F /* HintViewController.h */,
				B5D3DA201BD1FADA00E80F4F /* HintViewController.m */,
				B592A7951AF6F6090014FC4C /* TextureHelper.h */,
				B592A7961AF6F6090014FC4C /* TextureHelper.m */,
				B57795171B01FCA000ABE278 /* MyADView.h */,
				B57795181B01FCA000ABE278 /* MyADView.m */,
				B53E30381B193F7F00B7457E /* MyUtils.h */,
				B53E30391B193F7F00B7457E /* MyUtils.m */,
				B57795291B09D9E700ABE278 /* MyDefine.h */,
				B5AFFC161B423A020062ABF7 /* frame.png */,
				B5AFFC181B423A110062ABF7 /* borad_bg.png */,
				B53E303B1B1941D300B7457E /* laba.mp3 */,
				B53E303D1B19438A00B7457E /* money.wav */,
				B5E58D681AE1C459009385F0 /* Images.xcassets */,
				B5E58D521AE1C459009385F0 /* Supporting Files */,
			);
			path = Try_Laba_For_Cat;
			sourceTree = "<group>";
		};
		B5E58D521AE1C459009385F0 /* Supporting Files */ = {
			isa = PBXGroup;
			children = (
				B5E58D531AE1C459009385F0 /* Try_Laba_For_Cat-Info.plist */,
				B5E58D541AE1C459009385F0 /* InfoPlist.strings */,
				B5E58D571AE1C459009385F0 /* main.m */,
				B5E58D591AE1C459009385F0 /* Try_Laba_For_Cat-Prefix.pch */,
				B55E95F21BC67201002E67EF /* Localizable.strings */,
			);
			name = "Supporting Files";
			sourceTree = "<group>";
		};
		B5E58D751AE1C459009385F0 /* Try_Laba_For_CatTests */ = {
			isa = PBXGroup;
			children = (
				B5E58D7B1AE1C459009385F0 /* Try_Laba_For_CatTests.m */,
				B5E58D761AE1C459009385F0 /* Supporting Files */,
			);
			path = Try_Laba_For_CatTests;
			sourceTree = "<group>";
		};
		B5E58D761AE1C459009385F0 /* Supporting Files */ = {
			isa = PBXGroup;
			children = (
				B5E58D771AE1C459009385F0 /* Try_Laba_For_CatTests-Info.plist */,
				B5E58D781AE1C459009385F0 /* InfoPlist.strings */,
			);
			name = "Supporting Files";
			sourceTree = "<group>";
		};
		B5E58D851AE1C510009385F0 /* Images */ = {
			isa = PBXGroup;
			children = (
				B577951E1B05905000ABE278 /* money_in_bar.jpg */,
				B57795261B05C6D500ABE278 /* Reachability.h */,
				B57795271B05C6D500ABE278 /* Reachability.m */,
				B55E95BA1BC61971002E67EF /* unlimited_cat_world_ad.png */,
				B55E95BB1BC61971002E67EF /* UnlimitedCatWorld_ad.png */,
				B55E95BC1BC61971002E67EF /* ad1.jpg */,
				B55E95BD1BC61971002E67EF /* ad2.jpg */,
				B55E95BE1BC61971002E67EF /* ad3.jpg */,
				B55E95BF1BC61971002E67EF /* 2048_ad.png */,
				B55E95C01BC61971002E67EF /* Shoot_Learning_ad.png */,
				B55E95C11BC61971002E67EF /* cute_dudge_ad.png */,
				B55E95C21BC61971002E67EF /* cn_attack_on_gaint_cat_ad.jpg */,
				B55E95C31BC61971002E67EF /* en_attack_on_gaint_cat_ad.jpg */,
				B55E95C41BC61971002E67EF /* jp_attack_on_gaint_cat_ad.jpg */,
				B55E95C51BC61971002E67EF /* crazy_split_ad.png */,
				B55E95C61BC61971002E67EF /* HappyDownStages_AD.png */,
				B577951A1B058FB800ABE278 /* store1.png */,
				B577951B1B058FB800ABE278 /* store2.png */,
				B5E58D8C1AE1C542009385F0 /* m01.png */,
				B5E58D8D1AE1C542009385F0 /* m02.png */,
				B5E58D8E1AE1C542009385F0 /* m03.png */,
				B5E58D8F1AE1C542009385F0 /* m04.png */,
				B5E58D901AE1C542009385F0 /* m05.png */,
				B5E58D911AE1C542009385F0 /* m06.png */,
				B5E58D921AE1C542009385F0 /* m07.png */,
				B5E58D931AE1C542009385F0 /* m08.png */,
				B5E58D941AE1C542009385F0 /* m09.png */,
				B5E58D951AE1C542009385F0 /* m10.png */,
				B5E58D961AE1C542009385F0 /* m11.png */,
				B5E58D971AE1C542009385F0 /* m12.png */,
				B5E58D981AE1C542009385F0 /* m13.png */,
				B5E58D991AE1C542009385F0 /* m14.png */,
				B5E58D9A1AE1C542009385F0 /* m15.png */,
				B5E58D9B1AE1C542009385F0 /* m16.png */,
				B5E58D9C1AE1C542009385F0 /* m17.png */,
				B5E58D9D1AE1C542009385F0 /* m18.png */,
				B5E58D9E1AE1C542009385F0 /* m19.png */,
				B5E58D9F1AE1C542009385F0 /* m20.png */,
				B5E58DA01AE1C542009385F0 /* m21.png */,
				B5E58DB61AE1C556009385F0 /* coin_10_btn01.png */,
				B5E58DB71AE1C556009385F0 /* coin_10_btn02.png */,
				B5E58DB81AE1C556009385F0 /* coin_30_btn01.png */,
				B5E58DB91AE1C556009385F0 /* coin_30_btn02.png */,
				B5E58DBA1AE1C556009385F0 /* coin_50_btn01.png */,
				B5E58DBB1AE1C556009385F0 /* coin_50_btn02.png */,
				B5E58DBC1AE1C556009385F0 /* gife_btn_01.png */,
				B5E58DBD1AE1C556009385F0 /* gife_btn_02.png */,
				B5E58DBE1AE1C556009385F0 /* ic_launcher.png */,
				B5E58DBF1AE1C556009385F0 /* laba_bg.jpg */,
				B5E58DC01AE1C556009385F0 /* laba_fg.png */,
				B5E58DC11AE1C556009385F0 /* lol_laba2.jpg */,
				B5E58DC21AE1C556009385F0 /* start_btn1.png */,
				B5E58DC31AE1C556009385F0 /* start_btn2.png */,
				B5E58DC41AE1C556009385F0 /* stop_btn1.png */,
				B5E58DC51AE1C556009385F0 /* stop_btn2.png */,
				B5E58DC61AE1C556009385F0 /* text.png */,
				B5E58DC71AE1C556009385F0 /* win_frame.png */,
				B55E96071BCC705B002E67EF /* leader_board_btn.png */,
				B5D3DA1D1BD1FA3700E80F4F /* btn_guide_hd.png */,
				B5D3DA221BD1FB9900E80F4F /* hint.png */,
			);
			name = Images;
			sourceTree = "<group>";
		};
/* End PBXGroup section */

/* Begin PBXNativeTarget section */
		B53E30471B1AA17C00B7457E /* InfinitySlot */ = {
			isa = PBXNativeTarget;
			buildConfigurationList = B53E30901B1AA17C00B7457E /* Build configuration list for PBXNativeTarget "InfinitySlot" */;
			buildPhases = (
				1DC4DD3D179BC6FDF076E1F1 /* [CP] Check Pods Manifest.lock */,
				B53E30481B1AA17C00B7457E /* Sources */,
				B53E30551B1AA17C00B7457E /* Frameworks */,
				B53E305C1B1AA17C00B7457E /* Resources */,
				A546B9967F0AC9CD045775CE /* [CP] Embed Pods Frameworks */,
			);
			buildRules = (
			);
			dependencies = (
			);
			name = InfinitySlot;
			productName = Try_Laba_For_Cat;
			productReference = B53E30931B1AA17C00B7457E /* InfinitySlot.app */;
			productType = "com.apple.product-type.application";
		};
		B5E58D6D1AE1C459009385F0 /* InfinitySlotTests */ = {
			isa = PBXNativeTarget;
			buildConfigurationList = B5E58D821AE1C459009385F0 /* Build configuration list for PBXNativeTarget "InfinitySlotTests" */;
			buildPhases = (
				8C364254300928402CEA2B7A /* [CP] Check Pods Manifest.lock */,
				B5E58D6A1AE1C459009385F0 /* Sources */,
				B5E58D6B1AE1C459009385F0 /* Frameworks */,
				B5E58D6C1AE1C459009385F0 /* Resources */,
			);
			buildRules = (
			);
			dependencies = (
				B5C6154B263DA2DD00CFDD98 /* PBXTargetDependency */,
			);
			name = InfinitySlotTests;
			productName = Try_Laba_For_CatTests;
			productReference = B5E58D6E1AE1C459009385F0 /* InfinitySlotTests.xctest */;
			productType = "com.apple.product-type.bundle.unit-test";
		};
/* End PBXNativeTarget section */

/* Begin PBXProject section */
		B5E58D3E1AE1C459009385F0 /* Project object */ = {
			isa = PBXProject;
			attributes = {
				LastUpgradeCheck = 0510;
				ORGANIZATIONNAME = "___FULLUSERNAME___";
				TargetAttributes = {
					B53E30471B1AA17C00B7457E = {
						DevelopmentTeam = T6VV6T753H;
						ProvisioningStyle = Automatic;
					};
					B5E58D6D1AE1C459009385F0 = {
						DevelopmentTeam = T6VV6T753H;
						ProvisioningStyle = Automatic;
						TestTargetID = B53E30471B1AA17C00B7457E;
					};
				};
			};
			buildConfigurationList = B5E58D411AE1C459009385F0 /* Build configuration list for PBXProject "InfinitySlot" */;
			compatibilityVersion = "Xcode 3.2";
			developmentRegion = English;
			hasScannedForEncodings = 0;
			knownRegions = (
				English,
				en,
				Base,
				ar,
				ca,
				cs,
				da,
				de,
				el,
				es,
				fi,
				fr,
				he,
				hu,
				id,
				it,
				ja,
				ko,
				ms,
				nb,
				nl,
				pl,
				"pt-BR",
				pt,
				ro,
				ru,
				sk,
				sv,
				th,
				tr,
				uk,
				vi,
				"zh-Hans",
				"zh-Hant",
			);
			mainGroup = B5E58D3D1AE1C459009385F0;
			productRefGroup = B5E58D471AE1C459009385F0 /* Products */;
			projectDirPath = "";
			projectRoot = "";
			targets = (
				B5E58D6D1AE1C459009385F0 /* InfinitySlotTests */,
				B53E30471B1AA17C00B7457E /* InfinitySlot */,
			);
		};
/* End PBXProject section */

/* Begin PBXResourcesBuildPhase section */
		B53E305C1B1AA17C00B7457E /* Resources */ = {
			isa = PBXResourcesBuildPhase;
			buildActionMask = 2147483647;
			files = (
				B55E95E71BC61EFF002E67EF /* Shoot_Learning_ad.png in Resources */,
				B53E305D1B1AA17C00B7457E /* coin_50_btn02.png in Resources */,
				B55E96091BCC705C002E67EF /* leader_board_btn.png in Resources */,
				B53E305E1B1AA17C00B7457E /* m09.png in Resources */,
				B5A1A5261BD70CE800F1C9AC /* btn_guide_hd.png in Resources */,
				B55E95EC1BC61EFF002E67EF /* crazy_split_ad.png in Resources */,
				B53E305F1B1AA17C00B7457E /* m05.png in Resources */,
				B53E30601B1AA17C00B7457E /* m12.png in Resources */,
				B53E30611B1AA17C00B7457E /* lol_laba2.jpg in Resources */,
				B53E30621B1AA17C00B7457E /* m14.png in Resources */,
				B53E30631B1AA17C00B7457E /* m01.png in Resources */,
				B5AFFC171B423A020062ABF7 /* frame.png in Resources */,
				B55E95E21BC61EFF002E67EF /* UnlimitedCatWorld_ad.png in Resources */,
				B53E30651B1AA17C00B7457E /* laba_fg.png in Resources */,
				B55E95E81BC61EFF002E67EF /* cute_dudge_ad.png in Resources */,
				B53E30661B1AA17C00B7457E /* start_btn1.png in Resources */,
				B53E30671B1AA17C00B7457E /* m16.png in Resources */,
				B53E30681B1AA17C00B7457E /* text.png in Resources */,
				B53E30691B1AA17C00B7457E /* stop_btn2.png in Resources */,
				B5AFFC4D1B424A510062ABF7 /* AppiraterLocalizable.strings in Resources */,
				B55E95E41BC61EFF002E67EF /* ad2.jpg in Resources */,
				B53E306A1B1AA17C00B7457E /* m08.png in Resources */,
				B53E306B1B1AA17C00B7457E /* InfoPlist.strings in Resources */,
				B53E306C1B1AA17C00B7457E /* Images.xcassets in Resources */,
				B53E306D1B1AA17C00B7457E /* m15.png in Resources */,
				B53E306E1B1AA17C00B7457E /* coin_50_btn01.png in Resources */,
				B53E306F1B1AA17C00B7457E /* coin_30_btn01.png in Resources */,
				B53E30701B1AA17C00B7457E /* m18.png in Resources */,
				B53E30711B1AA17C00B7457E /* Spaceship.png in Resources */,
				B53E30731B1AA17C00B7457E /* start_btn2.png in Resources */,
				B53E30741B1AA17C00B7457E /* gife_btn_02.png in Resources */,
				B55E95E51BC61EFF002E67EF /* ad3.jpg in Resources */,
				B55E95E11BC61EFF002E67EF /* unlimited_cat_world_ad.png in Resources */,
				B53E30751B1AA17C00B7457E /* m11.png in Resources */,
				B53E30761B1AA17C00B7457E /* m13.png in Resources */,
				B53E30771B1AA17C00B7457E /* m17.png in Resources */,
				B5AFFC4C1B424A510062ABF7 /* Appirater.podspec.json in Resources */,
				B53E30781B1AA17C00B7457E /* m02.png in Resources */,
				B53E30791B1AA17C00B7457E /* laba_bg.jpg in Resources */,
				B53E307A1B1AA17C00B7457E /* coin_10_btn02.png in Resources */,
				B53E307B1B1AA17C00B7457E /* coin_30_btn02.png in Resources */,
				B55E95EB1BC61EFF002E67EF /* jp_attack_on_gaint_cat_ad.jpg in Resources */,
				B53E307C1B1AA17C00B7457E /* store1.png in Resources */,
				B53E307D1B1AA17C00B7457E /* money.wav in Resources */,
				B5AFFC4A1B424A510062ABF7 /* .gitignore in Resources */,
				B53E307E1B1AA17C00B7457E /* m06.png in Resources */,
				B53E307F1B1AA17C00B7457E /* Main.storyboard in Resources */,
				B53E30801B1AA17C00B7457E /* m03.png in Resources */,
				B53E30811B1AA17C00B7457E /* m20.png in Resources */,
				B53E30821B1AA17C00B7457E /* m21.png in Resources */,
				B53E30831B1AA17C00B7457E /* ic_launcher.png in Resources */,
				B53E30841B1AA17C00B7457E /* stop_btn1.png in Resources */,
				B55E95E31BC61EFF002E67EF /* ad1.jpg in Resources */,
				B53E30851B1AA17C00B7457E /* money_in_bar.jpg in Resources */,
				B53E30861B1AA17C00B7457E /* win_frame.png in Resources */,
				B55E95E91BC61EFF002E67EF /* cn_attack_on_gaint_cat_ad.jpg in Resources */,
				B5A1A5281BD7162C00F1C9AC /* hint.png in Resources */,
				B53E30871B1AA17C00B7457E /* coin_10_btn01.png in Resources */,
				B55E95F01BC67201002E67EF /* Localizable.strings in Resources */,
				B53E30881B1AA17C00B7457E /* gife_btn_01.png in Resources */,
				B53E30891B1AA17C00B7457E /* m19.png in Resources */,
				B53E308A1B1AA17C00B7457E /* m10.png in Resources */,
				B53E308B1B1AA17C00B7457E /* store2.png in Resources */,
				B5AFFC191B423A110062ABF7 /* borad_bg.png in Resources */,
				B55E95ED1BC61EFF002E67EF /* HappyDownStages_AD.png in Resources */,
				B55E95EA1BC61EFF002E67EF /* en_attack_on_gaint_cat_ad.jpg in Resources */,
				B53E308C1B1AA17C00B7457E /* laba.mp3 in Resources */,
				B53E308E1B1AA17C00B7457E /* m07.png in Resources */,
				B53E308F1B1AA17C00B7457E /* m04.png in Resources */,
				B55E95E61BC61EFF002E67EF /* 2048_ad.png in Resources */,
			);
			runOnlyForDeploymentPostprocessing = 0;
		};
		B5E58D6C1AE1C459009385F0 /* Resources */ = {
			isa = PBXResourcesBuildPhase;
			buildActionMask = 2147483647;
			files = (
				B55E95CC1BC61971002E67EF /* 2048_ad.png in Resources */,
				B55E95D21BC61971002E67EF /* crazy_split_ad.png in Resources */,
				B5D3DA231BD1FB9900E80F4F /* hint.png in Resources */,
				B55E95CB1BC61971002E67EF /* ad3.jpg in Resources */,
				B55E95D11BC61971002E67EF /* jp_attack_on_gaint_cat_ad.jpg in Resources */,
				B55E95C71BC61971002E67EF /* unlimited_cat_world_ad.png in Resources */,
				B55E95CE1BC61971002E67EF /* cute_dudge_ad.png in Resources */,
				B55E95CD1BC61971002E67EF /* Shoot_Learning_ad.png in Resources */,
				B5E58D7A1AE1C459009385F0 /* InfoPlist.strings in Resources */,
				B55E95C81BC61971002E67EF /* UnlimitedCatWorld_ad.png in Resources */,
				B55E95D31BC61971002E67EF /* HappyDownStages_AD.png in Resources */,
				B55E95D01BC61971002E67EF /* en_attack_on_gaint_cat_ad.jpg in Resources */,
				B55E95CA1BC61971002E67EF /* ad2.jpg in Resources */,
				B55E95EF1BC67201002E67EF /* Localizable.strings in Resources */,
				B55E95C91BC61971002E67EF /* ad1.jpg in Resources */,
				B55E96081BCC705C002E67EF /* leader_board_btn.png in Resources */,
				B55E95CF1BC61971002E67EF /* cn_attack_on_gaint_cat_ad.jpg in Resources */,
			);
			runOnlyForDeploymentPostprocessing = 0;
		};
/* End PBXResourcesBuildPhase section */

/* Begin PBXShellScriptBuildPhase section */
		1DC4DD3D179BC6FDF076E1F1 /* [CP] Check Pods Manifest.lock */ = {
			isa = PBXShellScriptBuildPhase;
			buildActionMask = 2147483647;
			files = (
			);
			inputFileListPaths = (
			);
			inputPaths = (
				"${PODS_PODFILE_DIR_PATH}/Podfile.lock",
				"${PODS_ROOT}/Manifest.lock",
			);
			name = "[CP] Check Pods Manifest.lock";
			outputFileListPaths = (
			);
			outputPaths = (
				"$(DERIVED_FILE_DIR)/Pods-InfinitySlot-checkManifestLockResult.txt",
			);
			runOnlyForDeploymentPostprocessing = 0;
			shellPath = /bin/sh;
			shellScript = "diff \"${PODS_PODFILE_DIR_PATH}/Podfile.lock\" \"${PODS_ROOT}/Manifest.lock\" > /dev/null\nif [ $? != 0 ] ; then\n    # print error to STDERR\n    echo \"error: The sandbox is not in sync with the Podfile.lock. Run 'pod install' or update your CocoaPods installation.\" >&2\n    exit 1\nfi\n# This output is used by Xcode 'outputs' to avoid re-running this script phase.\necho \"SUCCESS\" > \"${SCRIPT_OUTPUT_FILE_0}\"\n";
			showEnvVarsInLog = 0;
		};
		8C364254300928402CEA2B7A /* [CP] Check Pods Manifest.lock */ = {
			isa = PBXShellScriptBuildPhase;
			buildActionMask = 2147483647;
			files = (
			);
			inputFileListPaths = (
			);
			inputPaths = (
				"${PODS_PODFILE_DIR_PATH}/Podfile.lock",
				"${PODS_ROOT}/Manifest.lock",
			);
			name = "[CP] Check Pods Manifest.lock";
			outputFileListPaths = (
			);
			outputPaths = (
				"$(DERIVED_FILE_DIR)/Pods-InfinitySlotTests-checkManifestLockResult.txt",
			);
			runOnlyForDeploymentPostprocessing = 0;
			shellPath = /bin/sh;
			shellScript = "diff \"${PODS_PODFILE_DIR_PATH}/Podfile.lock\" \"${PODS_ROOT}/Manifest.lock\" > /dev/null\nif [ $? != 0 ] ; then\n    # print error to STDERR\n    echo \"error: The sandbox is not in sync with the Podfile.lock. Run 'pod install' or update your CocoaPods installation.\" >&2\n    exit 1\nfi\n# This output is used by Xcode 'outputs' to avoid re-running this script phase.\necho \"SUCCESS\" > \"${SCRIPT_OUTPUT_FILE_0}\"\n";
			showEnvVarsInLog = 0;
		};
		A546B9967F0AC9CD045775CE /* [CP] Embed Pods Frameworks */ = {
			isa = PBXShellScriptBuildPhase;
			buildActionMask = 2147483647;
			files = (
			);
			inputPaths = (
				"${PODS_ROOT}/Target Support Files/Pods-InfinitySlot/Pods-InfinitySlot-frameworks.sh",
				"${BUILT_PRODUCTS_DIR}/GoogleUtilities/GoogleUtilities.framework",
				"${BUILT_PRODUCTS_DIR}/nanopb/nanopb.framework",
			);
			name = "[CP] Embed Pods Frameworks";
			outputPaths = (
				"${TARGET_BUILD_DIR}/${FRAMEWORKS_FOLDER_PATH}/GoogleUtilities.framework",
				"${TARGET_BUILD_DIR}/${FRAMEWORKS_FOLDER_PATH}/nanopb.framework",
			);
			runOnlyForDeploymentPostprocessing = 0;
			shellPath = /bin/sh;
			shellScript = "\"${PODS_ROOT}/Target Support Files/Pods-InfinitySlot/Pods-InfinitySlot-frameworks.sh\"\n";
			showEnvVarsInLog = 0;
		};
/* End PBXShellScriptBuildPhase section */

/* Begin PBXSourcesBuildPhase section */
		B53E30481B1AA17C00B7457E /* Sources */ = {
			isa = PBXSourcesBuildPhase;
			buildActionMask = 2147483647;
			files = (
				B53E30491B1AA17C00B7457E /* MyScene.m in Sources */,
				B53E304A1B1AA17C00B7457E /* MyADView.m in Sources */,
				B53E304B1B1AA17C00B7457E /* MyUtils.m in Sources */,
				B53E304C1B1AA17C00B7457E /* ViewController.m in Sources */,
				B55E96061BCC6E27002E67EF /* GameCenterUtil.m in Sources */,
				B53E304D1B1AA17C00B7457E /* RuleUtil.m in Sources */,
				B5AFFC4E1B424A510062ABF7 /* CHANGELOG.md in Sources */,
				B53E304E1B1AA17C00B7457E /* BuyViewController.m in Sources */,
				B53E304F1B1AA17C00B7457E /* Reachability.m in Sources */,
				B53E30501B1AA17C00B7457E /* AppDelegate.m in Sources */,
				B53E30511B1AA17C00B7457E /* GameOverViewController.m in Sources */,
				B53E30521B1AA17C00B7457E /* main.m in Sources */,
				B53E30531B1AA17C00B7457E /* CommonUtil.m in Sources */,
				B5AFFC4F1B424A510062ABF7 /* README.md in Sources */,
				B5A1A5271BD715FE00F1C9AC /* HintViewController.m in Sources */,
				B53E30541B1AA17C00B7457E /* TextureHelper.m in Sources */,
				B5AFFC4B1B424A510062ABF7 /* Appirater.m in Sources */,
			);
			runOnlyForDeploymentPostprocessing = 0;
		};
		B5E58D6A1AE1C459009385F0 /* Sources */ = {
			isa = PBXSourcesBuildPhase;
			buildActionMask = 2147483647;
			files = (
				B55E96051BCC6E27002E67EF /* GameCenterUtil.m in Sources */,
				B5E58D7C1AE1C459009385F0 /* Try_Laba_For_CatTests.m in Sources */,
			);
			runOnlyForDeploymentPostprocessing = 0;
		};
/* End PBXSourcesBuildPhase section */

/* Begin PBXTargetDependency section */
		B5C6154B263DA2DD00CFDD98 /* PBXTargetDependency */ = {
			isa = PBXTargetDependency;
			target = B53E30471B1AA17C00B7457E /* InfinitySlot */;
			targetProxy = B5C6154A263DA2DD00CFDD98 /* PBXContainerItemProxy */;
		};
/* End PBXTargetDependency section */

/* Begin PBXVariantGroup section */
		B55E95F21BC67201002E67EF /* Localizable.strings */ = {
			isa = PBXVariantGroup;
			children = (
				B55E95F11BC67201002E67EF /* Base */,
				B55E95F31BC67207002E67EF /* en */,
				B55E95F41BC67214002E67EF /* zh-Hant */,
				B55E95F61BC67226002E67EF /* zh-Hans */,
				B55E95F71BC67229002E67EF /* ja */,
			);
			name = Localizable.strings;
			sourceTree = "<group>";
		};
		B5AFFC271B424A510062ABF7 /* AppiraterLocalizable.strings */ = {
			isa = PBXVariantGroup;
			children = (
				B5AFFC281B424A510062ABF7 /* ar */,
				B5AFFC291B424A510062ABF7 /* ca */,
				B5AFFC2B1B424A510062ABF7 /* cs */,
				B5AFFC2C1B424A510062ABF7 /* da */,
				B5AFFC2D1B424A510062ABF7 /* de */,
				B5AFFC2E1B424A510062ABF7 /* el */,
				B5AFFC2F1B424A510062ABF7 /* en */,
				B5AFFC301B424A510062ABF7 /* es */,
				B5AFFC311B424A510062ABF7 /* fi */,
				B5AFFC321B424A510062ABF7 /* fr */,
				B5AFFC331B424A510062ABF7 /* he */,
				B5AFFC341B424A510062ABF7 /* hu */,
				B5AFFC351B424A510062ABF7 /* id */,
				B5AFFC361B424A510062ABF7 /* it */,
				B5AFFC371B424A510062ABF7 /* ja */,
				B5AFFC381B424A510062ABF7 /* ko */,
				B5AFFC391B424A510062ABF7 /* ms */,
				B5AFFC3A1B424A510062ABF7 /* nb */,
				B5AFFC3B1B424A510062ABF7 /* nl */,
				B5AFFC3C1B424A510062ABF7 /* pl */,
				B5AFFC3D1B424A510062ABF7 /* pt-BR */,
				B5AFFC3E1B424A510062ABF7 /* pt */,
				B5AFFC401B424A510062ABF7 /* ro */,
				B5AFFC411B424A510062ABF7 /* ru */,
				B5AFFC421B424A510062ABF7 /* sk */,
				B5AFFC431B424A510062ABF7 /* sv */,
				B5AFFC441B424A510062ABF7 /* th */,
				B5AFFC451B424A510062ABF7 /* tr */,
				B5AFFC461B424A510062ABF7 /* uk */,
				B5AFFC471B424A510062ABF7 /* vi */,
				B5AFFC481B424A510062ABF7 /* zh-Hans */,
				B5AFFC491B424A510062ABF7 /* zh-Hant */,
			);
			name = AppiraterLocalizable.strings;
			sourceTree = "<group>";
		};
		B5E58D541AE1C459009385F0 /* InfoPlist.strings */ = {
			isa = PBXVariantGroup;
			children = (
				B5E58D551AE1C459009385F0 /* en */,
				B55E95F81BC67251002E67EF /* zh-Hant */,
				B55E95FA1BC67253002E67EF /* zh-Hans */,
				B55E95FB1BC6725B002E67EF /* Base */,
				B55E95FC1BC67260002E67EF /* ja */,
			);
			name = InfoPlist.strings;
			sourceTree = "<group>";
		};
		B5E58D5D1AE1C459009385F0 /* Main.storyboard */ = {
			isa = PBXVariantGroup;
			children = (
				B5E58D5E1AE1C459009385F0 /* Base */,
			);
			name = Main.storyboard;
			sourceTree = "<group>";
		};
		B5E58D781AE1C459009385F0 /* InfoPlist.strings */ = {
			isa = PBXVariantGroup;
			children = (
				B5E58D791AE1C459009385F0 /* en */,
			);
			name = InfoPlist.strings;
			sourceTree = "<group>";
		};
/* End PBXVariantGroup section */

/* Begin XCBuildConfiguration section */
		B53E30911B1AA17C00B7457E /* Debug */ = {
			isa = XCBuildConfiguration;
			baseConfigurationReference = B12932226FBBD9E4DE6C9069 /* Pods-InfinitySlot.debug.xcconfig */;
			buildSettings = {
				ASSETCATALOG_COMPILER_APPICON_NAME = AppIcon;
				ASSETCATALOG_COMPILER_LAUNCHIMAGE_NAME = LaunchImage;
				CODE_SIGN_IDENTITY = "iPhone Developer";
				"CODE_SIGN_IDENTITY[sdk=iphoneos*]" = "iPhone Developer";
				CODE_SIGN_STYLE = Automatic;
				CURRENT_PROJECT_VERSION = 1.1.2105030;
				DEVELOPMENT_TEAM = T6VV6T753H;
				FRAMEWORK_SEARCH_PATHS = (
					"$(inherited)",
					"$(PROJECT_DIR)",
				);
				GCC_PRECOMPILE_PREFIX_HEADER = YES;
				GCC_PREFIX_HEADER = "Try_Laba_For_Cat/Try_Laba_For_Cat-Prefix.pch";
				INFOPLIST_FILE = "Try_Laba_For_Cat/Try_Laba_For_Cat-Info.plist";
				MARKETING_VERSION = 1.1;
				PRODUCT_BUNDLE_IDENTIFIER = com.irons.InfinitySlot;
				PRODUCT_NAME = InfinitySlot;
				PROVISIONING_PROFILE = "17b8dc89-77ed-42b9-bfb3-725a2c7836fb";
				PROVISIONING_PROFILE_SPECIFIER = "";
				SPRITEKIT_TEXTURE_ATLAS_OUTPUT = YES;
				WRAPPER_EXTENSION = app;
			};
			name = Debug;
		};
		B53E30921B1AA17C00B7457E /* Release */ = {
			isa = XCBuildConfiguration;
			baseConfigurationReference = F4E63779E81555984329C47D /* Pods-InfinitySlot.release.xcconfig */;
			buildSettings = {
				ASSETCATALOG_COMPILER_APPICON_NAME = AppIcon;
				ASSETCATALOG_COMPILER_LAUNCHIMAGE_NAME = LaunchImage;
				CODE_SIGN_IDENTITY = "iPhone Developer";
				"CODE_SIGN_IDENTITY[sdk=iphoneos*]" = "iPhone Developer";
				CODE_SIGN_STYLE = Automatic;
				CURRENT_PROJECT_VERSION = 1.1.2105030;
				DEVELOPMENT_TEAM = T6VV6T753H;
				FRAMEWORK_SEARCH_PATHS = (
					"$(inherited)",
					"$(PROJECT_DIR)",
				);
				GCC_PRECOMPILE_PREFIX_HEADER = YES;
				GCC_PREFIX_HEADER = "Try_Laba_For_Cat/Try_Laba_For_Cat-Prefix.pch";
				INFOPLIST_FILE = "Try_Laba_For_Cat/Try_Laba_For_Cat-Info.plist";
				MARKETING_VERSION = 1.1;
				PRODUCT_BUNDLE_IDENTIFIER = com.irons.InfinitySlot;
				PRODUCT_NAME = InfinitySlot;
				PROVISIONING_PROFILE = "17b8dc89-77ed-42b9-bfb3-725a2c7836fb";
				PROVISIONING_PROFILE_SPECIFIER = "";
				SPRITEKIT_TEXTURE_ATLAS_OUTPUT = YES;
				WRAPPER_EXTENSION = app;
			};
			name = Release;
		};
		B5E58D7D1AE1C459009385F0 /* Debug */ = {
			isa = XCBuildConfiguration;
			buildSettings = {
				ALWAYS_SEARCH_USER_PATHS = NO;
				CLANG_CXX_LANGUAGE_STANDARD = "gnu++0x";
				CLANG_CXX_LIBRARY = "libc++";
				CLANG_ENABLE_MODULES = YES;
				CLANG_ENABLE_OBJC_ARC = YES;
				CLANG_WARN_BOOL_CONVERSION = YES;
				CLANG_WARN_CONSTANT_CONVERSION = YES;
				CLANG_WARN_DIRECT_OBJC_ISA_USAGE = YES_ERROR;
				CLANG_WARN_EMPTY_BODY = YES;
				CLANG_WARN_ENUM_CONVERSION = YES;
				CLANG_WARN_INT_CONVERSION = YES;
				CLANG_WARN_OBJC_ROOT_CLASS = YES_ERROR;
				CLANG_WARN__DUPLICATE_METHOD_MATCH = YES;
				"CODE_SIGN_IDENTITY[sdk=iphoneos*]" = "";
				COPY_PHASE_STRIP = NO;
				GCC_C_LANGUAGE_STANDARD = gnu99;
				GCC_DYNAMIC_NO_PIC = NO;
				GCC_OPTIMIZATION_LEVEL = 0;
				GCC_PREPROCESSOR_DEFINITIONS = (
					"DEBUG=1",
					"$(inherited)",
				);
				GCC_SYMBOLS_PRIVATE_EXTERN = NO;
				GCC_WARN_64_TO_32_BIT_CONVERSION = YES;
				GCC_WARN_ABOUT_RETURN_TYPE = YES_ERROR;
				GCC_WARN_UNDECLARED_SELECTOR = YES;
				GCC_WARN_UNINITIALIZED_AUTOS = YES_AGGRESSIVE;
				GCC_WARN_UNUSED_FUNCTION = YES;
				GCC_WARN_UNUSED_VARIABLE = YES;
				IPHONEOS_DEPLOYMENT_TARGET = 7.1;
				ONLY_ACTIVE_ARCH = YES;
				PROVISIONING_PROFILE = "";
				SDKROOT = iphoneos;
			};
			name = Debug;
		};
		B5E58D7E1AE1C459009385F0 /* Release */ = {
			isa = XCBuildConfiguration;
			buildSettings = {
				ALWAYS_SEARCH_USER_PATHS = NO;
				CLANG_CXX_LANGUAGE_STANDARD = "gnu++0x";
				CLANG_CXX_LIBRARY = "libc++";
				CLANG_ENABLE_MODULES = YES;
				CLANG_ENABLE_OBJC_ARC = YES;
				CLANG_WARN_BOOL_CONVERSION = YES;
				CLANG_WARN_CONSTANT_CONVERSION = YES;
				CLANG_WARN_DIRECT_OBJC_ISA_USAGE = YES_ERROR;
				CLANG_WARN_EMPTY_BODY = YES;
				CLANG_WARN_ENUM_CONVERSION = YES;
				CLANG_WARN_INT_CONVERSION = YES;
				CLANG_WARN_OBJC_ROOT_CLASS = YES_ERROR;
				CLANG_WARN__DUPLICATE_METHOD_MATCH = YES;
				CODE_SIGN_IDENTITY = "";
				"CODE_SIGN_IDENTITY[sdk=iphoneos*]" = "";
				COPY_PHASE_STRIP = YES;
				ENABLE_NS_ASSERTIONS = NO;
				GCC_C_LANGUAGE_STANDARD = gnu99;
				GCC_WARN_64_TO_32_BIT_CONVERSION = YES;
				GCC_WARN_ABOUT_RETURN_TYPE = YES_ERROR;
				GCC_WARN_UNDECLARED_SELECTOR = YES;
				GCC_WARN_UNINITIALIZED_AUTOS = YES_AGGRESSIVE;
				GCC_WARN_UNUSED_FUNCTION = YES;
				GCC_WARN_UNUSED_VARIABLE = YES;
				IPHONEOS_DEPLOYMENT_TARGET = 7.1;
				PROVISIONING_PROFILE = "";
				SDKROOT = iphoneos;
				VALIDATE_PRODUCT = YES;
			};
			name = Release;
		};
		B5E58D831AE1C459009385F0 /* Debug */ = {
			isa = XCBuildConfiguration;
			baseConfigurationReference = 6C3070F925E4AB193033C3C1 /* Pods-InfinitySlotTests.debug.xcconfig */;
			buildSettings = {
				BUNDLE_LOADER = "$(TEST_HOST)";
				CODE_SIGN_IDENTITY = "Apple Development";
				"CODE_SIGN_IDENTITY[sdk=macosx*]" = "Apple Development";
				CODE_SIGN_STYLE = Automatic;
				DEVELOPMENT_TEAM = T6VV6T753H;
				FRAMEWORK_SEARCH_PATHS = (
					"$(SDKROOT)/Developer/Library/Frameworks",
					"$(inherited)",
					"$(DEVELOPER_FRAMEWORKS_DIR)",
				);
				GCC_PRECOMPILE_PREFIX_HEADER = YES;
				GCC_PREFIX_HEADER = "Try_Laba_For_Cat/Try_Laba_For_Cat-Prefix.pch";
				GCC_PREPROCESSOR_DEFINITIONS = (
					"DEBUG=1",
					"$(inherited)",
				);
				INFOPLIST_FILE = "Try_Laba_For_CatTests/Try_Laba_For_CatTests-Info.plist";
				PRODUCT_NAME = InfinitySlotTests;
				PROVISIONING_PROFILE = "17b8dc89-77ed-42b9-bfb3-725a2c7836fb";
				PROVISIONING_PROFILE_SPECIFIER = "";
				"PROVISIONING_PROFILE_SPECIFIER[sdk=macosx*]" = "";
				TEST_HOST = "$(BUILT_PRODUCTS_DIR)/InfinitySlot.app/InfinitySlot";
				WRAPPER_EXTENSION = xctest;
			};
			name = Debug;
		};
		B5E58D841AE1C459009385F0 /* Release */ = {
			isa = XCBuildConfiguration;
			baseConfigurationReference = 7333B7296DE8D72F09535991 /* Pods-InfinitySlotTests.release.xcconfig */;
			buildSettings = {
				BUNDLE_LOADER = "$(TEST_HOST)";
				CODE_SIGN_IDENTITY = "Apple Development";
				"CODE_SIGN_IDENTITY[sdk=macosx*]" = "Apple Development";
				CODE_SIGN_STYLE = Automatic;
				DEVELOPMENT_TEAM = T6VV6T753H;
				FRAMEWORK_SEARCH_PATHS = (
					"$(SDKROOT)/Developer/Library/Frameworks",
					"$(inherited)",
					"$(DEVELOPER_FRAMEWORKS_DIR)",
				);
				GCC_PRECOMPILE_PREFIX_HEADER = YES;
				GCC_PREFIX_HEADER = "Try_Laba_For_Cat/Try_Laba_For_Cat-Prefix.pch";
				INFOPLIST_FILE = "Try_Laba_For_CatTests/Try_Laba_For_CatTests-Info.plist";
				PRODUCT_NAME = InfinitySlotTests;
				PROVISIONING_PROFILE = "17b8dc89-77ed-42b9-bfb3-725a2c7836fb";
				PROVISIONING_PROFILE_SPECIFIER = "";
				"PROVISIONING_PROFILE_SPECIFIER[sdk=macosx*]" = "";
				TEST_HOST = "$(BUILT_PRODUCTS_DIR)/InfinitySlot.app/InfinitySlot";
				WRAPPER_EXTENSION = xctest;
			};
			name = Release;
		};
/* End XCBuildConfiguration section */

/* Begin XCConfigurationList section */
		B53E30901B1AA17C00B7457E /* Build configuration list for PBXNativeTarget "InfinitySlot" */ = {
			isa = XCConfigurationList;
			buildConfigurations = (
				B53E30911B1AA17C00B7457E /* Debug */,
				B53E30921B1AA17C00B7457E /* Release */,
			);
			defaultConfigurationIsVisible = 0;
			defaultConfigurationName = Release;
		};
		B5E58D411AE1C459009385F0 /* Build configuration list for PBXProject "InfinitySlot" */ = {
			isa = XCConfigurationList;
			buildConfigurations = (
				B5E58D7D1AE1C459009385F0 /* Debug */,
				B5E58D7E1AE1C459009385F0 /* Release */,
			);
			defaultConfigurationIsVisible = 0;
			defaultConfigurationName = Release;
		};
		B5E58D821AE1C459009385F0 /* Build configuration list for PBXNativeTarget "InfinitySlotTests" */ = {
			isa = XCConfigurationList;
			buildConfigurations = (
				B5E58D831AE1C459009385F0 /* Debug */,
				B5E58D841AE1C459009385F0 /* Release */,
			);
			defaultConfigurationIsVisible = 0;
			defaultConfigurationName = Release;
		};
/* End XCConfigurationList section */
	};
	rootObject = B5E58D3E1AE1C459009385F0 /* Project object */;
}
